// !$*UTF8*$!
{
	archiveVersion = 1;
	classes = {
	};
	objectVersion = 56;
	objects = {

/* Begin PBXBuildFile section */
		400B24592AFD7BB900109028 /* AddTransactionScreen.swift in Sources */ = {isa = PBXBuildFile; fileRef = 400B24582AFD7BB900109028 /* AddTransactionScreen.swift */; };
		400B245B2AFED9A600109028 /* AddTransactionViewModel.swift in Sources */ = {isa = PBXBuildFile; fileRef = 400B245A2AFED9A600109028 /* AddTransactionViewModel.swift */; };
		400B245D2AFED9E800109028 /* AllTransactionsViewModel.swift in Sources */ = {isa = PBXBuildFile; fileRef = 400B245C2AFED9E800109028 /* AllTransactionsViewModel.swift */; };
		400B245F2AFED9FC00109028 /* DashboardViewModel.swift in Sources */ = {isa = PBXBuildFile; fileRef = 400B245E2AFED9FC00109028 /* DashboardViewModel.swift */; };
		400B24632AFEDA7700109028 /* LoginViewModel.swift in Sources */ = {isa = PBXBuildFile; fileRef = 400B24622AFEDA7700109028 /* LoginViewModel.swift */; };
		400B24652AFEDA8E00109028 /* MainViewModel.swift in Sources */ = {isa = PBXBuildFile; fileRef = 400B24642AFEDA8E00109028 /* MainViewModel.swift */; };
		400B24672AFEDA9F00109028 /* RegisterViewModel.swift in Sources */ = {isa = PBXBuildFile; fileRef = 400B24662AFEDA9F00109028 /* RegisterViewModel.swift */; };
		400B24692B0017EB00109028 /* TransactionCategory.swift in Sources */ = {isa = PBXBuildFile; fileRef = 400B24682B0017EB00109028 /* TransactionCategory.swift */; };
		400D673E2AEF0697002A6642 /* TrailingIconLabelStyle.swift in Sources */ = {isa = PBXBuildFile; fileRef = 400D673D2AEF0697002A6642 /* TrailingIconLabelStyle.swift */; };
		400D67402AEF1866002A6642 /* TransactionListItem.swift in Sources */ = {isa = PBXBuildFile; fileRef = 400D673F2AEF1866002A6642 /* TransactionListItem.swift */; };
		400D67422AF01F2B002A6642 /* TransactionList.swift in Sources */ = {isa = PBXBuildFile; fileRef = 400D67412AF01F2B002A6642 /* TransactionList.swift */; };
		401666672AF046D50000A588 /* AllTransactionsScreen.swift in Sources */ = {isa = PBXBuildFile; fileRef = 401666662AF046D50000A588 /* AllTransactionsScreen.swift */; };
		40386D682B16C41E00B7E3AF /* Result.swift in Sources */ = {isa = PBXBuildFile; fileRef = 40386D672B16C41E00B7E3AF /* Result.swift */; };
		40386D6A2B19116000B7E3AF /* SpendwiseAPI.swift in Sources */ = {isa = PBXBuildFile; fileRef = 40386D692B19116000B7E3AF /* SpendwiseAPI.swift */; };
		40386D6C2B19119A00B7E3AF /* Constants.swift in Sources */ = {isa = PBXBuildFile; fileRef = 40386D6B2B19119A00B7E3AF /* Constants.swift */; };
		4045B1E82AE8678400E4E5EA /* Colors.swift in Sources */ = {isa = PBXBuildFile; fileRef = 4045B1E72AE8678400E4E5EA /* Colors.swift */; };
		40515AD52AEA24FE00193AA1 /* TotalIncomeExpenseCard.swift in Sources */ = {isa = PBXBuildFile; fileRef = 40515AD42AEA24FE00193AA1 /* TotalIncomeExpenseCard.swift */; };
		40515AE32AEA262200193AA1 /* TransactionType.swift in Sources */ = {isa = PBXBuildFile; fileRef = 40515AE22AEA262200193AA1 /* TransactionType.swift */; };
		40515AE52AEA267F00193AA1 /* TransactionRequest.swift in Sources */ = {isa = PBXBuildFile; fileRef = 40515AE42AEA267F00193AA1 /* TransactionRequest.swift */; };
		40515AE72AEA26D000193AA1 /* TransactionResponse.swift in Sources */ = {isa = PBXBuildFile; fileRef = 40515AE62AEA26D000193AA1 /* TransactionResponse.swift */; };
		4067E7D02AF740D1005A3A2D /* DeveloperPreview.swift in Sources */ = {isa = PBXBuildFile; fileRef = 4067E7CF2AF740D1005A3A2D /* DeveloperPreview.swift */; };
		406BFDB32B196739009B9022 /* TransactionRepository.swift in Sources */ = {isa = PBXBuildFile; fileRef = 406BFDB22B196739009B9022 /* TransactionRepository.swift */; };
		406BFDBA2B1D3531009B9022 /* AnalyticsScreen.swift in Sources */ = {isa = PBXBuildFile; fileRef = 406BFDB92B1D3531009B9022 /* AnalyticsScreen.swift */; };
		406BFDBC2B1D364F009B9022 /* ProfileScreen.swift in Sources */ = {isa = PBXBuildFile; fileRef = 406BFDBB2B1D364F009B9022 /* ProfileScreen.swift */; };
		406BFDBF2B1D65B0009B9022 /* ShimmerEffect.swift in Sources */ = {isa = PBXBuildFile; fileRef = 406BFDBE2B1D65B0009B9022 /* ShimmerEffect.swift */; };
		40A07D472B1E729A00B1A1B8 /* SearchRepository.swift in Sources */ = {isa = PBXBuildFile; fileRef = 40A07D462B1E729A00B1A1B8 /* SearchRepository.swift */; };
		40A43F6E2AE18FAC004A248B /* SpendwiseApp.swift in Sources */ = {isa = PBXBuildFile; fileRef = 40A43F6D2AE18FAC004A248B /* SpendwiseApp.swift */; };
		40A43F722AE18FAE004A248B /* Assets.xcassets in Resources */ = {isa = PBXBuildFile; fileRef = 40A43F712AE18FAE004A248B /* Assets.xcassets */; };
		40A43F752AE18FAE004A248B /* Preview Assets.xcassets in Resources */ = {isa = PBXBuildFile; fileRef = 40A43F742AE18FAE004A248B /* Preview Assets.xcassets */; };
		40A7372E2B293E2E004FF476 /* FirebaseAnalytics in Frameworks */ = {isa = PBXBuildFile; productRef = 40A7372D2B293E2E004FF476 /* FirebaseAnalytics */; };
		40A737302B293E2E004FF476 /* FirebaseAnalyticsOnDeviceConversion in Frameworks */ = {isa = PBXBuildFile; productRef = 40A7372F2B293E2E004FF476 /* FirebaseAnalyticsOnDeviceConversion */; };
		40A737322B293E2E004FF476 /* FirebaseAnalyticsSwift in Frameworks */ = {isa = PBXBuildFile; productRef = 40A737312B293E2E004FF476 /* FirebaseAnalyticsSwift */; };
		40A737342B293E2E004FF476 /* FirebaseAnalyticsWithoutAdIdSupport in Frameworks */ = {isa = PBXBuildFile; productRef = 40A737332B293E2E004FF476 /* FirebaseAnalyticsWithoutAdIdSupport */; };
		40A737362B293E2E004FF476 /* FirebaseAppCheck in Frameworks */ = {isa = PBXBuildFile; productRef = 40A737352B293E2E004FF476 /* FirebaseAppCheck */; };
		40A737382B293E2E004FF476 /* FirebaseAppDistribution-Beta in Frameworks */ = {isa = PBXBuildFile; productRef = 40A737372B293E2E004FF476 /* FirebaseAppDistribution-Beta */; };
		40A7373A2B293E2E004FF476 /* FirebaseAuth in Frameworks */ = {isa = PBXBuildFile; productRef = 40A737392B293E2E004FF476 /* FirebaseAuth */; };
		40A7373C2B293E2E004FF476 /* FirebaseAuthCombine-Community in Frameworks */ = {isa = PBXBuildFile; productRef = 40A7373B2B293E2E004FF476 /* FirebaseAuthCombine-Community */; };
		40A7373E2B293E2E004FF476 /* FirebaseCrashlytics in Frameworks */ = {isa = PBXBuildFile; productRef = 40A7373D2B293E2E004FF476 /* FirebaseCrashlytics */; };
		40A737402B293E2E004FF476 /* FirebaseDatabase in Frameworks */ = {isa = PBXBuildFile; productRef = 40A7373F2B293E2E004FF476 /* FirebaseDatabase */; };
		40A737422B293E2E004FF476 /* FirebaseDatabaseSwift in Frameworks */ = {isa = PBXBuildFile; productRef = 40A737412B293E2E004FF476 /* FirebaseDatabaseSwift */; };
		40A737442B293E2E004FF476 /* FirebaseDynamicLinks in Frameworks */ = {isa = PBXBuildFile; productRef = 40A737432B293E2E004FF476 /* FirebaseDynamicLinks */; };
		40A737462B293E2E004FF476 /* FirebaseFirestore in Frameworks */ = {isa = PBXBuildFile; productRef = 40A737452B293E2E004FF476 /* FirebaseFirestore */; };
		40A737482B293E2E004FF476 /* FirebaseFirestoreCombine-Community in Frameworks */ = {isa = PBXBuildFile; productRef = 40A737472B293E2E004FF476 /* FirebaseFirestoreCombine-Community */; };
		40A7374A2B293E2E004FF476 /* FirebaseFirestoreSwift in Frameworks */ = {isa = PBXBuildFile; productRef = 40A737492B293E2E004FF476 /* FirebaseFirestoreSwift */; };
		40A7374C2B293E2E004FF476 /* FirebaseFunctions in Frameworks */ = {isa = PBXBuildFile; productRef = 40A7374B2B293E2E004FF476 /* FirebaseFunctions */; };
		40A7374E2B293E2E004FF476 /* FirebaseFunctionsCombine-Community in Frameworks */ = {isa = PBXBuildFile; productRef = 40A7374D2B293E2E004FF476 /* FirebaseFunctionsCombine-Community */; };
		40A737502B293E2E004FF476 /* FirebaseInAppMessaging-Beta in Frameworks */ = {isa = PBXBuildFile; productRef = 40A7374F2B293E2E004FF476 /* FirebaseInAppMessaging-Beta */; };
		40A737522B293E2E004FF476 /* FirebaseInAppMessagingSwift-Beta in Frameworks */ = {isa = PBXBuildFile; productRef = 40A737512B293E2E004FF476 /* FirebaseInAppMessagingSwift-Beta */; };
		40A737542B293E2E004FF476 /* FirebaseInstallations in Frameworks */ = {isa = PBXBuildFile; productRef = 40A737532B293E2E004FF476 /* FirebaseInstallations */; };
		40A737562B293E2E004FF476 /* FirebaseMLModelDownloader in Frameworks */ = {isa = PBXBuildFile; productRef = 40A737552B293E2E004FF476 /* FirebaseMLModelDownloader */; };
		40A737582B293E2E004FF476 /* FirebaseMessaging in Frameworks */ = {isa = PBXBuildFile; productRef = 40A737572B293E2E004FF476 /* FirebaseMessaging */; };
		40A7375A2B293E2E004FF476 /* FirebasePerformance in Frameworks */ = {isa = PBXBuildFile; productRef = 40A737592B293E2E004FF476 /* FirebasePerformance */; };
		40A7375C2B293E2E004FF476 /* FirebaseRemoteConfig in Frameworks */ = {isa = PBXBuildFile; productRef = 40A7375B2B293E2E004FF476 /* FirebaseRemoteConfig */; };
		40A7375E2B293E2E004FF476 /* FirebaseRemoteConfigSwift in Frameworks */ = {isa = PBXBuildFile; productRef = 40A7375D2B293E2E004FF476 /* FirebaseRemoteConfigSwift */; };
		40A737602B293E2E004FF476 /* FirebaseStorage in Frameworks */ = {isa = PBXBuildFile; productRef = 40A7375F2B293E2E004FF476 /* FirebaseStorage */; };
		40A737622B293E2E004FF476 /* FirebaseStorageCombine-Community in Frameworks */ = {isa = PBXBuildFile; productRef = 40A737612B293E2E004FF476 /* FirebaseStorageCombine-Community */; };
		40A737642B294C42004FF476 /* View+Extensions.swift in Sources */ = {isa = PBXBuildFile; fileRef = 40A737632B294C42004FF476 /* View+Extensions.swift */; };
		40A737662B295434004FF476 /* ErrorView.swift in Sources */ = {isa = PBXBuildFile; fileRef = 40A737652B295434004FF476 /* ErrorView.swift */; };
		40A737682B2AE08C004FF476 /* DateFilterView.swift in Sources */ = {isa = PBXBuildFile; fileRef = 40A737672B2AE08C004FF476 /* DateFilterView.swift */; };
		40A7376A2B2AE755004FF476 /* Date+Extensions.swift in Sources */ = {isa = PBXBuildFile; fileRef = 40A737692B2AE755004FF476 /* Date+Extensions.swift */; };
		40A7376C2B2D1D40004FF476 /* VerifyEmailSheet.swift in Sources */ = {isa = PBXBuildFile; fileRef = 40A7376B2B2D1D40004FF476 /* VerifyEmailSheet.swift */; };
		40A7376E2B2D376C004FF476 /* Verify Email.json in Resources */ = {isa = PBXBuildFile; fileRef = 40A7376D2B2D376C004FF476 /* Verify Email.json */; };
		40A737702B2D50B2004FF476 /* No Transactions Found.json in Resources */ = {isa = PBXBuildFile; fileRef = 40A7376F2B2D50B2004FF476 /* No Transactions Found.json */; };
		40A737722B2D6DB0004FF476 /* User.swift in Sources */ = {isa = PBXBuildFile; fileRef = 40A737712B2D6DAF004FF476 /* User.swift */; };
		40A737742B2D6E49004FF476 /* ProfileViewModel.swift in Sources */ = {isa = PBXBuildFile; fileRef = 40A737732B2D6E48004FF476 /* ProfileViewModel.swift */; };
		40A737762B2D73D5004FF476 /* Encodable+Extensions.swift in Sources */ = {isa = PBXBuildFile; fileRef = 40A737752B2D73D5004FF476 /* Encodable+Extensions.swift */; };
		40A737792B2D9A61004FF476 /* IntroScreen.swift in Sources */ = {isa = PBXBuildFile; fileRef = 40A737782B2D9A61004FF476 /* IntroScreen.swift */; };
		40A7377B2B2E1E5B004FF476 /* NetworkManager.swift in Sources */ = {isa = PBXBuildFile; fileRef = 40A7377A2B2E1E5B004FF476 /* NetworkManager.swift */; };
		40A7377D2B2E2116004FF476 /* NoInternetSheet.swift in Sources */ = {isa = PBXBuildFile; fileRef = 40A7377C2B2E2116004FF476 /* NoInternetSheet.swift */; };
		40A7377F2B326096004FF476 /* DashboardHeaderView.swift in Sources */ = {isa = PBXBuildFile; fileRef = 40A7377E2B326096004FF476 /* DashboardHeaderView.swift */; };
		40A737812B327D58004FF476 /* EnumUtil.swift in Sources */ = {isa = PBXBuildFile; fileRef = 40A737802B327D58004FF476 /* EnumUtil.swift */; };
		40A737892B350A43004FF476 /* WidgetKit.framework in Frameworks */ = {isa = PBXBuildFile; fileRef = 40A737882B350A43004FF476 /* WidgetKit.framework */; };
		40A7378B2B350A43004FF476 /* SwiftUI.framework in Frameworks */ = {isa = PBXBuildFile; fileRef = 40A7378A2B350A43004FF476 /* SwiftUI.framework */; };
		40A7378E2B350A43004FF476 /* StatsWidgetBundle.swift in Sources */ = {isa = PBXBuildFile; fileRef = 40A7378D2B350A43004FF476 /* StatsWidgetBundle.swift */; };
		40A737902B350A43004FF476 /* StatsWidget.swift in Sources */ = {isa = PBXBuildFile; fileRef = 40A7378F2B350A43004FF476 /* StatsWidget.swift */; };
		40A737922B350A46004FF476 /* Assets.xcassets in Resources */ = {isa = PBXBuildFile; fileRef = 40A737912B350A46004FF476 /* Assets.xcassets */; };
		40A737962B350A46004FF476 /* StatsWidgetExtension.appex in Embed Foundation Extensions */ = {isa = PBXBuildFile; fileRef = 40A737862B350A43004FF476 /* StatsWidgetExtension.appex */; settings = {ATTRIBUTES = (RemoveHeadersOnCopy, ); }; };
		40A7379B2B351A45004FF476 /* TransactionResponse.swift in Sources */ = {isa = PBXBuildFile; fileRef = 40515AE62AEA26D000193AA1 /* TransactionResponse.swift */; };
		40A7379C2B351A63004FF476 /* SpendwiseAPI.swift in Sources */ = {isa = PBXBuildFile; fileRef = 40386D692B19116000B7E3AF /* SpendwiseAPI.swift */; };
		40A7379F2B351AED004FF476 /* WidgetEntry.swift in Sources */ = {isa = PBXBuildFile; fileRef = 40A7379E2B351AED004FF476 /* WidgetEntry.swift */; };
		40A737A02B351B5A004FF476 /* DeveloperPreview.swift in Sources */ = {isa = PBXBuildFile; fileRef = 4067E7CF2AF740D1005A3A2D /* DeveloperPreview.swift */; };
		40A737A22B351ED8004FF476 /* Provider.swift in Sources */ = {isa = PBXBuildFile; fileRef = 40A737A12B351ED8004FF476 /* Provider.swift */; };
		40A737A32B352520004FF476 /* Helper.swift in Sources */ = {isa = PBXBuildFile; fileRef = 40D864172AEC736400072E7E /* Helper.swift */; };
		40A737A42B354671004FF476 /* Result.swift in Sources */ = {isa = PBXBuildFile; fileRef = 40386D672B16C41E00B7E3AF /* Result.swift */; };
		40A737A52B354788004FF476 /* TransactionRepository.swift in Sources */ = {isa = PBXBuildFile; fileRef = 406BFDB22B196739009B9022 /* TransactionRepository.swift */; };
		40A737A62B354814004FF476 /* Logger.swift in Sources */ = {isa = PBXBuildFile; fileRef = 40E1BCE22B07E2D600165508 /* Logger.swift */; };
		40A737A72B35482E004FF476 /* ExpenditureByCategory.swift in Sources */ = {isa = PBXBuildFile; fileRef = 40AC2C0A2B203B7000E93414 /* ExpenditureByCategory.swift */; };
		40A737A82B35485E004FF476 /* Colors.swift in Sources */ = {isa = PBXBuildFile; fileRef = 4045B1E72AE8678400E4E5EA /* Colors.swift */; };
		40A737A92B354871004FF476 /* Constants.swift in Sources */ = {isa = PBXBuildFile; fileRef = 40386D6B2B19119A00B7E3AF /* Constants.swift */; };
		40A737AA2B3548B9004FF476 /* TransactionRequest.swift in Sources */ = {isa = PBXBuildFile; fileRef = 40515AE42AEA267F00193AA1 /* TransactionRequest.swift */; };
		40A737AB2B354D4C004FF476 /* TotalBalanceCard.swift in Sources */ = {isa = PBXBuildFile; fileRef = 40D8642F2AEDD65B00072E7E /* TotalBalanceCard.swift */; };
		40A737AC2B3551A4004FF476 /* TransactionType.swift in Sources */ = {isa = PBXBuildFile; fileRef = 40515AE22AEA262200193AA1 /* TransactionType.swift */; };
		40A737AD2B3551D5004FF476 /* Date+Extensions.swift in Sources */ = {isa = PBXBuildFile; fileRef = 40A737692B2AE755004FF476 /* Date+Extensions.swift */; };
		40AC2BFE2B20043E00E93414 /* Lottie in Frameworks */ = {isa = PBXBuildFile; productRef = 40AC2BFD2B20043E00E93414 /* Lottie */; };
		40AC2C002B20048900E93414 /* LottieView.swift in Sources */ = {isa = PBXBuildFile; fileRef = 40AC2BFF2B20048900E93414 /* LottieView.swift */; };
		40AC2C062B2009AA00E93414 /* No Internet.json in Resources */ = {isa = PBXBuildFile; fileRef = 40AC2C032B2009A900E93414 /* No Internet.json */; };
		40AC2C072B2009AA00E93414 /* Empty List.json in Resources */ = {isa = PBXBuildFile; fileRef = 40AC2C042B2009A900E93414 /* Empty List.json */; };
		40AC2C092B2032BE00E93414 /* AnalyticsViewModel.swift in Sources */ = {isa = PBXBuildFile; fileRef = 40AC2C082B2032BE00E93414 /* AnalyticsViewModel.swift */; };
		40AC2C0B2B203B7000E93414 /* ExpenditureByCategory.swift in Sources */ = {isa = PBXBuildFile; fileRef = 40AC2C0A2B203B7000E93414 /* ExpenditureByCategory.swift */; };
		40D864182AEC736400072E7E /* Helper.swift in Sources */ = {isa = PBXBuildFile; fileRef = 40D864172AEC736400072E7E /* Helper.swift */; };
		40D864232AED8B1000072E7E /* InterExtraLight.ttf in Resources */ = {isa = PBXBuildFile; fileRef = 40D8641A2AED8B1000072E7E /* InterExtraLight.ttf */; };
		40D864242AED8B1000072E7E /* InterBlack.ttf in Resources */ = {isa = PBXBuildFile; fileRef = 40D8641B2AED8B1000072E7E /* InterBlack.ttf */; };
		40D864252AED8B1000072E7E /* InterMedium.ttf in Resources */ = {isa = PBXBuildFile; fileRef = 40D8641C2AED8B1000072E7E /* InterMedium.ttf */; };
		40D864262AED8B1000072E7E /* InterSemiBold.ttf in Resources */ = {isa = PBXBuildFile; fileRef = 40D8641D2AED8B1000072E7E /* InterSemiBold.ttf */; };
		40D864272AED8B1000072E7E /* InterBold.ttf in Resources */ = {isa = PBXBuildFile; fileRef = 40D8641E2AED8B1000072E7E /* InterBold.ttf */; };
		40D864282AED8B1000072E7E /* InterRegular.ttf in Resources */ = {isa = PBXBuildFile; fileRef = 40D8641F2AED8B1000072E7E /* InterRegular.ttf */; };
		40D864292AED8B1000072E7E /* InterThin.ttf in Resources */ = {isa = PBXBuildFile; fileRef = 40D864202AED8B1000072E7E /* InterThin.ttf */; };
		40D8642A2AED8B1000072E7E /* InterExtraBold.ttf in Resources */ = {isa = PBXBuildFile; fileRef = 40D864212AED8B1000072E7E /* InterExtraBold.ttf */; };
		40D8642B2AED8B1000072E7E /* InterLight.ttf in Resources */ = {isa = PBXBuildFile; fileRef = 40D864222AED8B1000072E7E /* InterLight.ttf */; };
		40D8642E2AEDD2EA00072E7E /* DashboardScreen.swift in Sources */ = {isa = PBXBuildFile; fileRef = 40D8642D2AEDD2EA00072E7E /* DashboardScreen.swift */; };
		40D864302AEDD65B00072E7E /* TotalBalanceCard.swift in Sources */ = {isa = PBXBuildFile; fileRef = 40D8642F2AEDD65B00072E7E /* TotalBalanceCard.swift */; };
		40D864322AEDDA6700072E7E /* TransactionFilters.swift in Sources */ = {isa = PBXBuildFile; fileRef = 40D864312AEDDA6700072E7E /* TransactionFilters.swift */; };
		40D864342AEDDAB000072E7E /* StatementOptions.swift in Sources */ = {isa = PBXBuildFile; fileRef = 40D864332AEDDAB000072E7E /* StatementOptions.swift */; };
		40D864362AEDDACB00072E7E /* SearchFilters.swift in Sources */ = {isa = PBXBuildFile; fileRef = 40D864352AEDDACB00072E7E /* SearchFilters.swift */; };
		40E1BCE12B07B71800165508 /* FormType.swift in Sources */ = {isa = PBXBuildFile; fileRef = 40E1BCE02B07B71800165508 /* FormType.swift */; };
		40E1BCE32B07E2D600165508 /* Logger.swift in Sources */ = {isa = PBXBuildFile; fileRef = 40E1BCE22B07E2D600165508 /* Logger.swift */; };
		40E818AC2B0AD80F00F90E17 /* NumbersOnlyViewModifier.swift in Sources */ = {isa = PBXBuildFile; fileRef = 40E818AB2B0AD80F00F90E17 /* NumbersOnlyViewModifier.swift */; };
		40E819122B0F4BB300F90E17 /* AddTransactionForm2.swift in Sources */ = {isa = PBXBuildFile; fileRef = 40E819112B0F4BB300F90E17 /* AddTransactionForm2.swift */; };
		40EAFA452B0FFF5F00E668D0 /* RegisterScreen.swift in Sources */ = {isa = PBXBuildFile; fileRef = 40EAFA442B0FFF5F00E668D0 /* RegisterScreen.swift */; };
		40EAFA472B0FFF6700E668D0 /* LoginScreen.swift in Sources */ = {isa = PBXBuildFile; fileRef = 40EAFA462B0FFF6700E668D0 /* LoginScreen.swift */; };
		40EAFA492B102FEC00E668D0 /* MainView.swift in Sources */ = {isa = PBXBuildFile; fileRef = 40EAFA482B102FEC00E668D0 /* MainView.swift */; };
		40EAFA4B2B12C66000E668D0 /* GoogleService-Info.plist in Resources */ = {isa = PBXBuildFile; fileRef = 40EAFA4A2B12C66000E668D0 /* GoogleService-Info.plist */; };
		40EAFABC2B13D00E00E668D0 /* TokenManager.swift in Sources */ = {isa = PBXBuildFile; fileRef = 40EAFABB2B13D00E00E668D0 /* TokenManager.swift */; };
/* End PBXBuildFile section */

/* Begin PBXContainerItemProxy section */
		40A737942B350A46004FF476 /* PBXContainerItemProxy */ = {
			isa = PBXContainerItemProxy;
			containerPortal = 40A43F622AE18FAC004A248B /* Project object */;
			proxyType = 1;
			remoteGlobalIDString = 40A737852B350A43004FF476;
			remoteInfo = StatsWidgetExtension;
		};
/* End PBXContainerItemProxy section */

/* Begin PBXCopyFilesBuildPhase section */
		40A7379A2B350A46004FF476 /* Embed Foundation Extensions */ = {
			isa = PBXCopyFilesBuildPhase;
			buildActionMask = 2147483647;
			dstPath = "";
			dstSubfolderSpec = 13;
			files = (
				40A737962B350A46004FF476 /* StatsWidgetExtension.appex in Embed Foundation Extensions */,
			);
			name = "Embed Foundation Extensions";
			runOnlyForDeploymentPostprocessing = 0;
		};
/* End PBXCopyFilesBuildPhase section */

/* Begin PBXFileReference section */
		400B24582AFD7BB900109028 /* AddTransactionScreen.swift */ = {isa = PBXFileReference; lastKnownFileType = sourcecode.swift; path = AddTransactionScreen.swift; sourceTree = "<group>"; };
		400B245A2AFED9A600109028 /* AddTransactionViewModel.swift */ = {isa = PBXFileReference; lastKnownFileType = sourcecode.swift; path = AddTransactionViewModel.swift; sourceTree = "<group>"; };
		400B245C2AFED9E800109028 /* AllTransactionsViewModel.swift */ = {isa = PBXFileReference; lastKnownFileType = sourcecode.swift; path = AllTransactionsViewModel.swift; sourceTree = "<group>"; };
		400B245E2AFED9FC00109028 /* DashboardViewModel.swift */ = {isa = PBXFileReference; lastKnownFileType = sourcecode.swift; path = DashboardViewModel.swift; sourceTree = "<group>"; };
		400B24622AFEDA7700109028 /* LoginViewModel.swift */ = {isa = PBXFileReference; lastKnownFileType = sourcecode.swift; path = LoginViewModel.swift; sourceTree = "<group>"; };
		400B24642AFEDA8E00109028 /* MainViewModel.swift */ = {isa = PBXFileReference; lastKnownFileType = sourcecode.swift; path = MainViewModel.swift; sourceTree = "<group>"; };
		400B24662AFEDA9F00109028 /* RegisterViewModel.swift */ = {isa = PBXFileReference; lastKnownFileType = sourcecode.swift; path = RegisterViewModel.swift; sourceTree = "<group>"; };
		400B24682B0017EB00109028 /* TransactionCategory.swift */ = {isa = PBXFileReference; lastKnownFileType = sourcecode.swift; path = TransactionCategory.swift; sourceTree = "<group>"; };
		400D673D2AEF0697002A6642 /* TrailingIconLabelStyle.swift */ = {isa = PBXFileReference; lastKnownFileType = sourcecode.swift; path = TrailingIconLabelStyle.swift; sourceTree = "<group>"; };
		400D673F2AEF1866002A6642 /* TransactionListItem.swift */ = {isa = PBXFileReference; lastKnownFileType = sourcecode.swift; path = TransactionListItem.swift; sourceTree = "<group>"; };
		400D67412AF01F2B002A6642 /* TransactionList.swift */ = {isa = PBXFileReference; lastKnownFileType = sourcecode.swift; path = TransactionList.swift; sourceTree = "<group>"; };
		401666662AF046D50000A588 /* AllTransactionsScreen.swift */ = {isa = PBXFileReference; lastKnownFileType = sourcecode.swift; path = AllTransactionsScreen.swift; sourceTree = "<group>"; };
		40386D672B16C41E00B7E3AF /* Result.swift */ = {isa = PBXFileReference; lastKnownFileType = sourcecode.swift; path = Result.swift; sourceTree = "<group>"; };
		40386D692B19116000B7E3AF /* SpendwiseAPI.swift */ = {isa = PBXFileReference; lastKnownFileType = sourcecode.swift; path = SpendwiseAPI.swift; sourceTree = "<group>"; };
		40386D6B2B19119A00B7E3AF /* Constants.swift */ = {isa = PBXFileReference; lastKnownFileType = sourcecode.swift; path = Constants.swift; sourceTree = "<group>"; };
		4045B1E72AE8678400E4E5EA /* Colors.swift */ = {isa = PBXFileReference; lastKnownFileType = sourcecode.swift; path = Colors.swift; sourceTree = "<group>"; };
		40515AD42AEA24FE00193AA1 /* TotalIncomeExpenseCard.swift */ = {isa = PBXFileReference; lastKnownFileType = sourcecode.swift; path = TotalIncomeExpenseCard.swift; sourceTree = "<group>"; };
		40515AE22AEA262200193AA1 /* TransactionType.swift */ = {isa = PBXFileReference; lastKnownFileType = sourcecode.swift; path = TransactionType.swift; sourceTree = "<group>"; };
		40515AE42AEA267F00193AA1 /* TransactionRequest.swift */ = {isa = PBXFileReference; lastKnownFileType = sourcecode.swift; path = TransactionRequest.swift; sourceTree = "<group>"; };
		40515AE62AEA26D000193AA1 /* TransactionResponse.swift */ = {isa = PBXFileReference; lastKnownFileType = sourcecode.swift; path = TransactionResponse.swift; sourceTree = "<group>"; };
		4067E7CF2AF740D1005A3A2D /* DeveloperPreview.swift */ = {isa = PBXFileReference; lastKnownFileType = sourcecode.swift; path = DeveloperPreview.swift; sourceTree = "<group>"; };
		406BFDB22B196739009B9022 /* TransactionRepository.swift */ = {isa = PBXFileReference; lastKnownFileType = sourcecode.swift; path = TransactionRepository.swift; sourceTree = "<group>"; };
		406BFDB92B1D3531009B9022 /* AnalyticsScreen.swift */ = {isa = PBXFileReference; lastKnownFileType = sourcecode.swift; path = AnalyticsScreen.swift; sourceTree = "<group>"; };
		406BFDBB2B1D364F009B9022 /* ProfileScreen.swift */ = {isa = PBXFileReference; lastKnownFileType = sourcecode.swift; path = ProfileScreen.swift; sourceTree = "<group>"; };
		406BFDBE2B1D65B0009B9022 /* ShimmerEffect.swift */ = {isa = PBXFileReference; lastKnownFileType = sourcecode.swift; path = ShimmerEffect.swift; sourceTree = "<group>"; };
		40A07D462B1E729A00B1A1B8 /* SearchRepository.swift */ = {isa = PBXFileReference; lastKnownFileType = sourcecode.swift; path = SearchRepository.swift; sourceTree = "<group>"; };
		40A43F6A2AE18FAC004A248B /* Spendwise.app */ = {isa = PBXFileReference; explicitFileType = wrapper.application; includeInIndex = 0; path = Spendwise.app; sourceTree = BUILT_PRODUCTS_DIR; };
		40A43F6D2AE18FAC004A248B /* SpendwiseApp.swift */ = {isa = PBXFileReference; lastKnownFileType = sourcecode.swift; path = SpendwiseApp.swift; sourceTree = "<group>"; };
		40A43F712AE18FAE004A248B /* Assets.xcassets */ = {isa = PBXFileReference; lastKnownFileType = folder.assetcatalog; path = Assets.xcassets; sourceTree = "<group>"; };
		40A43F742AE18FAE004A248B /* Preview Assets.xcassets */ = {isa = PBXFileReference; lastKnownFileType = folder.assetcatalog; path = "Preview Assets.xcassets"; sourceTree = "<group>"; };
		40A737632B294C42004FF476 /* View+Extensions.swift */ = {isa = PBXFileReference; lastKnownFileType = sourcecode.swift; path = "View+Extensions.swift"; sourceTree = "<group>"; };
		40A737652B295434004FF476 /* ErrorView.swift */ = {isa = PBXFileReference; lastKnownFileType = sourcecode.swift; path = ErrorView.swift; sourceTree = "<group>"; };
		40A737672B2AE08C004FF476 /* DateFilterView.swift */ = {isa = PBXFileReference; lastKnownFileType = sourcecode.swift; path = DateFilterView.swift; sourceTree = "<group>"; };
		40A737692B2AE755004FF476 /* Date+Extensions.swift */ = {isa = PBXFileReference; lastKnownFileType = sourcecode.swift; path = "Date+Extensions.swift"; sourceTree = "<group>"; };
		40A7376B2B2D1D40004FF476 /* VerifyEmailSheet.swift */ = {isa = PBXFileReference; lastKnownFileType = sourcecode.swift; path = VerifyEmailSheet.swift; sourceTree = "<group>"; };
		40A7376D2B2D376C004FF476 /* Verify Email.json */ = {isa = PBXFileReference; fileEncoding = 4; lastKnownFileType = text.json; path = "Verify Email.json"; sourceTree = "<group>"; };
		40A7376F2B2D50B2004FF476 /* No Transactions Found.json */ = {isa = PBXFileReference; fileEncoding = 4; lastKnownFileType = text.json; path = "No Transactions Found.json"; sourceTree = "<group>"; };
		40A737712B2D6DAF004FF476 /* User.swift */ = {isa = PBXFileReference; lastKnownFileType = sourcecode.swift; path = User.swift; sourceTree = "<group>"; };
		40A737732B2D6E48004FF476 /* ProfileViewModel.swift */ = {isa = PBXFileReference; lastKnownFileType = sourcecode.swift; path = ProfileViewModel.swift; sourceTree = "<group>"; };
		40A737752B2D73D5004FF476 /* Encodable+Extensions.swift */ = {isa = PBXFileReference; lastKnownFileType = sourcecode.swift; path = "Encodable+Extensions.swift"; sourceTree = "<group>"; };
		40A737782B2D9A61004FF476 /* IntroScreen.swift */ = {isa = PBXFileReference; lastKnownFileType = sourcecode.swift; path = IntroScreen.swift; sourceTree = "<group>"; };
		40A7377A2B2E1E5B004FF476 /* NetworkManager.swift */ = {isa = PBXFileReference; lastKnownFileType = sourcecode.swift; path = NetworkManager.swift; sourceTree = "<group>"; };
		40A7377C2B2E2116004FF476 /* NoInternetSheet.swift */ = {isa = PBXFileReference; lastKnownFileType = sourcecode.swift; path = NoInternetSheet.swift; sourceTree = "<group>"; };
		40A7377E2B326096004FF476 /* DashboardHeaderView.swift */ = {isa = PBXFileReference; lastKnownFileType = sourcecode.swift; path = DashboardHeaderView.swift; sourceTree = "<group>"; };
		40A737802B327D58004FF476 /* EnumUtil.swift */ = {isa = PBXFileReference; lastKnownFileType = sourcecode.swift; path = EnumUtil.swift; sourceTree = "<group>"; };
		40A737862B350A43004FF476 /* StatsWidgetExtension.appex */ = {isa = PBXFileReference; explicitFileType = "wrapper.app-extension"; includeInIndex = 0; path = StatsWidgetExtension.appex; sourceTree = BUILT_PRODUCTS_DIR; };
		40A737882B350A43004FF476 /* WidgetKit.framework */ = {isa = PBXFileReference; lastKnownFileType = wrapper.framework; name = WidgetKit.framework; path = System/Library/Frameworks/WidgetKit.framework; sourceTree = SDKROOT; };
		40A7378A2B350A43004FF476 /* SwiftUI.framework */ = {isa = PBXFileReference; lastKnownFileType = wrapper.framework; name = SwiftUI.framework; path = System/Library/Frameworks/SwiftUI.framework; sourceTree = SDKROOT; };
		40A7378D2B350A43004FF476 /* StatsWidgetBundle.swift */ = {isa = PBXFileReference; lastKnownFileType = sourcecode.swift; path = StatsWidgetBundle.swift; sourceTree = "<group>"; };
		40A7378F2B350A43004FF476 /* StatsWidget.swift */ = {isa = PBXFileReference; lastKnownFileType = sourcecode.swift; path = StatsWidget.swift; sourceTree = "<group>"; };
		40A737912B350A46004FF476 /* Assets.xcassets */ = {isa = PBXFileReference; lastKnownFileType = folder.assetcatalog; path = Assets.xcassets; sourceTree = "<group>"; };
		40A737932B350A46004FF476 /* Info.plist */ = {isa = PBXFileReference; lastKnownFileType = text.plist.xml; path = Info.plist; sourceTree = "<group>"; };
		40A7379E2B351AED004FF476 /* WidgetEntry.swift */ = {isa = PBXFileReference; lastKnownFileType = sourcecode.swift; path = WidgetEntry.swift; sourceTree = "<group>"; };
		40A737A12B351ED8004FF476 /* Provider.swift */ = {isa = PBXFileReference; lastKnownFileType = sourcecode.swift; path = Provider.swift; sourceTree = "<group>"; };
		40A737AE2B35648D004FF476 /* StatsWidgetExtension.entitlements */ = {isa = PBXFileReference; lastKnownFileType = text.plist.entitlements; path = StatsWidgetExtension.entitlements; sourceTree = "<group>"; };
		40A737AF2B3564E5004FF476 /* Spendwise.entitlements */ = {isa = PBXFileReference; lastKnownFileType = text.plist.entitlements; path = Spendwise.entitlements; sourceTree = "<group>"; };
		40AC2BFF2B20048900E93414 /* LottieView.swift */ = {isa = PBXFileReference; lastKnownFileType = sourcecode.swift; path = LottieView.swift; sourceTree = "<group>"; };
		40AC2C032B2009A900E93414 /* No Internet.json */ = {isa = PBXFileReference; fileEncoding = 4; lastKnownFileType = text.json; path = "No Internet.json"; sourceTree = "<group>"; };
		40AC2C042B2009A900E93414 /* Empty List.json */ = {isa = PBXFileReference; fileEncoding = 4; lastKnownFileType = text.json; path = "Empty List.json"; sourceTree = "<group>"; };
		40AC2C082B2032BE00E93414 /* AnalyticsViewModel.swift */ = {isa = PBXFileReference; lastKnownFileType = sourcecode.swift; path = AnalyticsViewModel.swift; sourceTree = "<group>"; };
		40AC2C0A2B203B7000E93414 /* ExpenditureByCategory.swift */ = {isa = PBXFileReference; lastKnownFileType = sourcecode.swift; path = ExpenditureByCategory.swift; sourceTree = "<group>"; };
		40D864172AEC736400072E7E /* Helper.swift */ = {isa = PBXFileReference; lastKnownFileType = sourcecode.swift; path = Helper.swift; sourceTree = "<group>"; };
		40D8641A2AED8B1000072E7E /* InterExtraLight.ttf */ = {isa = PBXFileReference; lastKnownFileType = file; path = InterExtraLight.ttf; sourceTree = "<group>"; };
		40D8641B2AED8B1000072E7E /* InterBlack.ttf */ = {isa = PBXFileReference; lastKnownFileType = file; path = InterBlack.ttf; sourceTree = "<group>"; };
		40D8641C2AED8B1000072E7E /* InterMedium.ttf */ = {isa = PBXFileReference; lastKnownFileType = file; path = InterMedium.ttf; sourceTree = "<group>"; };
		40D8641D2AED8B1000072E7E /* InterSemiBold.ttf */ = {isa = PBXFileReference; lastKnownFileType = file; path = InterSemiBold.ttf; sourceTree = "<group>"; };
		40D8641E2AED8B1000072E7E /* InterBold.ttf */ = {isa = PBXFileReference; lastKnownFileType = file; path = InterBold.ttf; sourceTree = "<group>"; };
		40D8641F2AED8B1000072E7E /* InterRegular.ttf */ = {isa = PBXFileReference; lastKnownFileType = file; path = InterRegular.ttf; sourceTree = "<group>"; };
		40D864202AED8B1000072E7E /* InterThin.ttf */ = {isa = PBXFileReference; lastKnownFileType = file; path = InterThin.ttf; sourceTree = "<group>"; };
		40D864212AED8B1000072E7E /* InterExtraBold.ttf */ = {isa = PBXFileReference; lastKnownFileType = file; path = InterExtraBold.ttf; sourceTree = "<group>"; };
		40D864222AED8B1000072E7E /* InterLight.ttf */ = {isa = PBXFileReference; lastKnownFileType = file; path = InterLight.ttf; sourceTree = "<group>"; };
		40D8642C2AED8B9000072E7E /* Info.plist */ = {isa = PBXFileReference; lastKnownFileType = text.plist; path = Info.plist; sourceTree = "<group>"; };
		40D8642D2AEDD2EA00072E7E /* DashboardScreen.swift */ = {isa = PBXFileReference; lastKnownFileType = sourcecode.swift; path = DashboardScreen.swift; sourceTree = "<group>"; };
		40D8642F2AEDD65B00072E7E /* TotalBalanceCard.swift */ = {isa = PBXFileReference; lastKnownFileType = sourcecode.swift; path = TotalBalanceCard.swift; sourceTree = "<group>"; };
		40D864312AEDDA6700072E7E /* TransactionFilters.swift */ = {isa = PBXFileReference; lastKnownFileType = sourcecode.swift; path = TransactionFilters.swift; sourceTree = "<group>"; };
		40D864332AEDDAB000072E7E /* StatementOptions.swift */ = {isa = PBXFileReference; lastKnownFileType = sourcecode.swift; path = StatementOptions.swift; sourceTree = "<group>"; };
		40D864352AEDDACB00072E7E /* SearchFilters.swift */ = {isa = PBXFileReference; lastKnownFileType = sourcecode.swift; path = SearchFilters.swift; sourceTree = "<group>"; };
		40E1BCE02B07B71800165508 /* FormType.swift */ = {isa = PBXFileReference; lastKnownFileType = sourcecode.swift; path = FormType.swift; sourceTree = "<group>"; };
		40E1BCE22B07E2D600165508 /* Logger.swift */ = {isa = PBXFileReference; lastKnownFileType = sourcecode.swift; path = Logger.swift; sourceTree = "<group>"; };
		40E818AB2B0AD80F00F90E17 /* NumbersOnlyViewModifier.swift */ = {isa = PBXFileReference; lastKnownFileType = sourcecode.swift; path = NumbersOnlyViewModifier.swift; sourceTree = "<group>"; };
		40E819112B0F4BB300F90E17 /* AddTransactionForm2.swift */ = {isa = PBXFileReference; lastKnownFileType = sourcecode.swift; path = AddTransactionForm2.swift; sourceTree = "<group>"; };
		40EAFA442B0FFF5F00E668D0 /* RegisterScreen.swift */ = {isa = PBXFileReference; lastKnownFileType = sourcecode.swift; path = RegisterScreen.swift; sourceTree = "<group>"; };
		40EAFA462B0FFF6700E668D0 /* LoginScreen.swift */ = {isa = PBXFileReference; lastKnownFileType = sourcecode.swift; path = LoginScreen.swift; sourceTree = "<group>"; };
		40EAFA482B102FEC00E668D0 /* MainView.swift */ = {isa = PBXFileReference; lastKnownFileType = sourcecode.swift; path = MainView.swift; sourceTree = "<group>"; };
		40EAFA4A2B12C66000E668D0 /* GoogleService-Info.plist */ = {isa = PBXFileReference; fileEncoding = 4; lastKnownFileType = text.plist.xml; path = "GoogleService-Info.plist"; sourceTree = "<group>"; };
		40EAFABB2B13D00E00E668D0 /* TokenManager.swift */ = {isa = PBXFileReference; lastKnownFileType = sourcecode.swift; path = TokenManager.swift; sourceTree = "<group>"; };
/* End PBXFileReference section */

/* Begin PBXFrameworksBuildPhase section */
		40A43F672AE18FAC004A248B /* Frameworks */ = {
			isa = PBXFrameworksBuildPhase;
			buildActionMask = 2147483647;
			files = (
				40A7374C2B293E2E004FF476 /* FirebaseFunctions in Frameworks */,
				40A737422B293E2E004FF476 /* FirebaseDatabaseSwift in Frameworks */,
				40A737522B293E2E004FF476 /* FirebaseInAppMessagingSwift-Beta in Frameworks */,
				40A737582B293E2E004FF476 /* FirebaseMessaging in Frameworks */,
				40A737382B293E2E004FF476 /* FirebaseAppDistribution-Beta in Frameworks */,
				40A7373C2B293E2E004FF476 /* FirebaseAuthCombine-Community in Frameworks */,
				40A737482B293E2E004FF476 /* FirebaseFirestoreCombine-Community in Frameworks */,
				40A737322B293E2E004FF476 /* FirebaseAnalyticsSwift in Frameworks */,
				40A737562B293E2E004FF476 /* FirebaseMLModelDownloader in Frameworks */,
				40A737342B293E2E004FF476 /* FirebaseAnalyticsWithoutAdIdSupport in Frameworks */,
				40A7372E2B293E2E004FF476 /* FirebaseAnalytics in Frameworks */,
				40A7374A2B293E2E004FF476 /* FirebaseFirestoreSwift in Frameworks */,
				40A737302B293E2E004FF476 /* FirebaseAnalyticsOnDeviceConversion in Frameworks */,
				40A737362B293E2E004FF476 /* FirebaseAppCheck in Frameworks */,
				40A7375A2B293E2E004FF476 /* FirebasePerformance in Frameworks */,
				40A737502B293E2E004FF476 /* FirebaseInAppMessaging-Beta in Frameworks */,
				40A7374E2B293E2E004FF476 /* FirebaseFunctionsCombine-Community in Frameworks */,
				40A7373E2B293E2E004FF476 /* FirebaseCrashlytics in Frameworks */,
				40A737542B293E2E004FF476 /* FirebaseInstallations in Frameworks */,
				40A7375C2B293E2E004FF476 /* FirebaseRemoteConfig in Frameworks */,
				40A737602B293E2E004FF476 /* FirebaseStorage in Frameworks */,
				40A737402B293E2E004FF476 /* FirebaseDatabase in Frameworks */,
				40A737622B293E2E004FF476 /* FirebaseStorageCombine-Community in Frameworks */,
				40AC2BFE2B20043E00E93414 /* Lottie in Frameworks */,
				40A7373A2B293E2E004FF476 /* FirebaseAuth in Frameworks */,
				40A737442B293E2E004FF476 /* FirebaseDynamicLinks in Frameworks */,
				40A737462B293E2E004FF476 /* FirebaseFirestore in Frameworks */,
				40A7375E2B293E2E004FF476 /* FirebaseRemoteConfigSwift in Frameworks */,
			);
			runOnlyForDeploymentPostprocessing = 0;
		};
		40A737832B350A43004FF476 /* Frameworks */ = {
			isa = PBXFrameworksBuildPhase;
			buildActionMask = 2147483647;
			files = (
				40A7378B2B350A43004FF476 /* SwiftUI.framework in Frameworks */,
				40A737892B350A43004FF476 /* WidgetKit.framework in Frameworks */,
			);
			runOnlyForDeploymentPostprocessing = 0;
		};
/* End PBXFrameworksBuildPhase section */

/* Begin PBXGroup section */
		400B24562AFD6F5C00109028 /* Add Edit Transactions */ = {
			isa = PBXGroup;
			children = (
				400B24582AFD7BB900109028 /* AddTransactionScreen.swift */,
				40E1BCE02B07B71800165508 /* FormType.swift */,
				40E819112B0F4BB300F90E17 /* AddTransactionForm2.swift */,
			);
			path = "Add Edit Transactions";
			sourceTree = "<group>";
		};
		400B24572AFD6F7900109028 /* ViewModels */ = {
			isa = PBXGroup;
			children = (
				400B245A2AFED9A600109028 /* AddTransactionViewModel.swift */,
				400B245C2AFED9E800109028 /* AllTransactionsViewModel.swift */,
				400B245E2AFED9FC00109028 /* DashboardViewModel.swift */,
				400B24622AFEDA7700109028 /* LoginViewModel.swift */,
				400B24662AFEDA9F00109028 /* RegisterViewModel.swift */,
				400B24642AFEDA8E00109028 /* MainViewModel.swift */,
				40AC2C082B2032BE00E93414 /* AnalyticsViewModel.swift */,
				40A737732B2D6E48004FF476 /* ProfileViewModel.swift */,
			);
			path = ViewModels;
			sourceTree = "<group>";
		};
		4045B1E62AE8649F00E4E5EA /* Theme */ = {
			isa = PBXGroup;
			children = (
				4045B1E72AE8678400E4E5EA /* Colors.swift */,
			);
			path = Theme;
			sourceTree = "<group>";
		};
		40515AD22AEA24AB00193AA1 /* UI */ = {
			isa = PBXGroup;
			children = (
				406BFDBD2B1D6584009B9022 /* UI Helper */,
				40515AD32AEA24C800193AA1 /* Components */,
				40515AD62AEA252900193AA1 /* Screens */,
				40EAFA482B102FEC00E668D0 /* MainView.swift */,
			);
			path = UI;
			sourceTree = "<group>";
		};
		40515AD32AEA24C800193AA1 /* Components */ = {
			isa = PBXGroup;
			children = (
				40D8642F2AEDD65B00072E7E /* TotalBalanceCard.swift */,
				40515AD42AEA24FE00193AA1 /* TotalIncomeExpenseCard.swift */,
				400D673D2AEF0697002A6642 /* TrailingIconLabelStyle.swift */,
				400D67412AF01F2B002A6642 /* TransactionList.swift */,
				400D673F2AEF1866002A6642 /* TransactionListItem.swift */,
				40A737672B2AE08C004FF476 /* DateFilterView.swift */,
				40A7376B2B2D1D40004FF476 /* VerifyEmailSheet.swift */,
				40A7377C2B2E2116004FF476 /* NoInternetSheet.swift */,
				40A7377E2B326096004FF476 /* DashboardHeaderView.swift */,
			);
			path = Components;
			sourceTree = "<group>";
		};
		40515AD62AEA252900193AA1 /* Screens */ = {
			isa = PBXGroup;
			children = (
				40A737772B2D9A4D004FF476 /* Onboarding */,
				406BFDB62B1D3501009B9022 /* Chat */,
				406BFDB52B1D34F5009B9022 /* Analytics */,
				40EAFA432B0FFF4900E668D0 /* Auth Screens */,
				400B24562AFD6F5C00109028 /* Add Edit Transactions */,
				4067E7CE2AF70B0D005A3A2D /* All Transactions */,
				4067E7CD2AF70AFD005A3A2D /* Dashboard */,
			);
			path = Screens;
			sourceTree = "<group>";
		};
		40515AD72AEA255B00193AA1 /* Data */ = {
			isa = PBXGroup;
			children = (
				40515ADF2AEA25BB00193AA1 /* Remote */,
				40515ADE2AEA25B700193AA1 /* Local */,
			);
			path = Data;
			sourceTree = "<group>";
		};
		40515AD82AEA256600193AA1 /* API */ = {
			isa = PBXGroup;
			children = (
				40386D692B19116000B7E3AF /* SpendwiseAPI.swift */,
			);
			path = API;
			sourceTree = "<group>";
		};
		40515AD92AEA257100193AA1 /* DI */ = {
			isa = PBXGroup;
			children = (
			);
			path = DI;
			sourceTree = "<group>";
		};
		40515ADA2AEA257C00193AA1 /* Repository */ = {
			isa = PBXGroup;
			children = (
				406BFDB22B196739009B9022 /* TransactionRepository.swift */,
				40A07D462B1E729A00B1A1B8 /* SearchRepository.swift */,
			);
			path = Repository;
			sourceTree = "<group>";
		};
		40515ADB2AEA258A00193AA1 /* Utils */ = {
			isa = PBXGroup;
			children = (
				4067E7CF2AF740D1005A3A2D /* DeveloperPreview.swift */,
				40D864172AEC736400072E7E /* Helper.swift */,
				40E1BCE22B07E2D600165508 /* Logger.swift */,
				40E818AB2B0AD80F00F90E17 /* NumbersOnlyViewModifier.swift */,
				40EAFABB2B13D00E00E668D0 /* TokenManager.swift */,
				40386D672B16C41E00B7E3AF /* Result.swift */,
				40386D6B2B19119A00B7E3AF /* Constants.swift */,
				40A737632B294C42004FF476 /* View+Extensions.swift */,
				40A737692B2AE755004FF476 /* Date+Extensions.swift */,
				40A737752B2D73D5004FF476 /* Encodable+Extensions.swift */,
				40A7377A2B2E1E5B004FF476 /* NetworkManager.swift */,
				40A737802B327D58004FF476 /* EnumUtil.swift */,
			);
			path = Utils;
			sourceTree = "<group>";
		};
		40515ADD2AEA25A400193AA1 /* Service */ = {
			isa = PBXGroup;
			children = (
			);
			path = Service;
			sourceTree = "<group>";
		};
		40515ADE2AEA25B700193AA1 /* Local */ = {
			isa = PBXGroup;
			children = (
				40515AE12AEA25FC00193AA1 /* Transaction */,
				40515AE02AEA25F800193AA1 /* Filter */,
			);
			path = Local;
			sourceTree = "<group>";
		};
		40515ADF2AEA25BB00193AA1 /* Remote */ = {
			isa = PBXGroup;
			children = (
				40515AE42AEA267F00193AA1 /* TransactionRequest.swift */,
				40515AE62AEA26D000193AA1 /* TransactionResponse.swift */,
				40A737712B2D6DAF004FF476 /* User.swift */,
			);
			path = Remote;
			sourceTree = "<group>";
		};
		40515AE02AEA25F800193AA1 /* Filter */ = {
			isa = PBXGroup;
			children = (
				40D864312AEDDA6700072E7E /* TransactionFilters.swift */,
				40D864332AEDDAB000072E7E /* StatementOptions.swift */,
				40D864352AEDDACB00072E7E /* SearchFilters.swift */,
			);
			path = Filter;
			sourceTree = "<group>";
		};
		40515AE12AEA25FC00193AA1 /* Transaction */ = {
			isa = PBXGroup;
			children = (
				40515AE22AEA262200193AA1 /* TransactionType.swift */,
				400B24682B0017EB00109028 /* TransactionCategory.swift */,
				40AC2C0A2B203B7000E93414 /* ExpenditureByCategory.swift */,
			);
			path = Transaction;
			sourceTree = "<group>";
		};
		4067E7CD2AF70AFD005A3A2D /* Dashboard */ = {
			isa = PBXGroup;
			children = (
				40D8642D2AEDD2EA00072E7E /* DashboardScreen.swift */,
			);
			path = Dashboard;
			sourceTree = "<group>";
		};
		4067E7CE2AF70B0D005A3A2D /* All Transactions */ = {
			isa = PBXGroup;
			children = (
				401666662AF046D50000A588 /* AllTransactionsScreen.swift */,
			);
			path = "All Transactions";
			sourceTree = "<group>";
		};
		406BFDB52B1D34F5009B9022 /* Analytics */ = {
			isa = PBXGroup;
			children = (
				406BFDB92B1D3531009B9022 /* AnalyticsScreen.swift */,
			);
			path = Analytics;
			sourceTree = "<group>";
		};
		406BFDB62B1D3501009B9022 /* Chat */ = {
			isa = PBXGroup;
			children = (
			);
			path = Chat;
			sourceTree = "<group>";
		};
		406BFDBD2B1D6584009B9022 /* UI Helper */ = {
			isa = PBXGroup;
			children = (
				406BFDBE2B1D65B0009B9022 /* ShimmerEffect.swift */,
				40AC2BFF2B20048900E93414 /* LottieView.swift */,
				40A737652B295434004FF476 /* ErrorView.swift */,
			);
			path = "UI Helper";
			sourceTree = "<group>";
		};
		40A43F612AE18FAC004A248B = {
			isa = PBXGroup;
			children = (
				40A737AE2B35648D004FF476 /* StatsWidgetExtension.entitlements */,
				40A43F6C2AE18FAC004A248B /* Spendwise */,
				40A7378C2B350A43004FF476 /* StatsWidget */,
				40A737872B350A43004FF476 /* Frameworks */,
				40A43F6B2AE18FAC004A248B /* Products */,
			);
			sourceTree = "<group>";
		};
		40A43F6B2AE18FAC004A248B /* Products */ = {
			isa = PBXGroup;
			children = (
				40A43F6A2AE18FAC004A248B /* Spendwise.app */,
				40A737862B350A43004FF476 /* StatsWidgetExtension.appex */,
			);
			name = Products;
			sourceTree = "<group>";
		};
		40A43F6C2AE18FAC004A248B /* Spendwise */ = {
			isa = PBXGroup;
			children = (
				40A737AF2B3564E5004FF476 /* Spendwise.entitlements */,
				40AC2C012B2008B400E93414 /* Lottie Files */,
				40515AD82AEA256600193AA1 /* API */,
				40A43F712AE18FAE004A248B /* Assets.xcassets */,
				40EAFA4A2B12C66000E668D0 /* GoogleService-Info.plist */,
				40515AD72AEA255B00193AA1 /* Data */,
				40515AD92AEA257100193AA1 /* DI */,
				40D864192AED87BF00072E7E /* Fonts */,
				40D8642C2AED8B9000072E7E /* Info.plist */,
				40A43F732AE18FAE004A248B /* Preview Content */,
				40515ADA2AEA257C00193AA1 /* Repository */,
				40515ADD2AEA25A400193AA1 /* Service */,
				40A43F6D2AE18FAC004A248B /* SpendwiseApp.swift */,
				4045B1E62AE8649F00E4E5EA /* Theme */,
				40515AD22AEA24AB00193AA1 /* UI */,
				40515ADB2AEA258A00193AA1 /* Utils */,
				400B24572AFD6F7900109028 /* ViewModels */,
			);
			path = Spendwise;
			sourceTree = "<group>";
		};
		40A43F732AE18FAE004A248B /* Preview Content */ = {
			isa = PBXGroup;
			children = (
				40A43F742AE18FAE004A248B /* Preview Assets.xcassets */,
			);
			path = "Preview Content";
			sourceTree = "<group>";
		};
		40A737772B2D9A4D004FF476 /* Onboarding */ = {
			isa = PBXGroup;
			children = (
				40A737782B2D9A61004FF476 /* IntroScreen.swift */,
			);
			path = Onboarding;
			sourceTree = "<group>";
		};
		40A737872B350A43004FF476 /* Frameworks */ = {
			isa = PBXGroup;
			children = (
				40A737882B350A43004FF476 /* WidgetKit.framework */,
				40A7378A2B350A43004FF476 /* SwiftUI.framework */,
			);
			name = Frameworks;
			sourceTree = "<group>";
		};
		40A7378C2B350A43004FF476 /* StatsWidget */ = {
			isa = PBXGroup;
			children = (
				40A7378D2B350A43004FF476 /* StatsWidgetBundle.swift */,
				40A7378F2B350A43004FF476 /* StatsWidget.swift */,
				40A737912B350A46004FF476 /* Assets.xcassets */,
				40A737932B350A46004FF476 /* Info.plist */,
				40A7379E2B351AED004FF476 /* WidgetEntry.swift */,
				40A737A12B351ED8004FF476 /* Provider.swift */,
			);
			path = StatsWidget;
			sourceTree = "<group>";
		};
		40AC2C012B2008B400E93414 /* Lottie Files */ = {
			isa = PBXGroup;
			children = (
				40A7376F2B2D50B2004FF476 /* No Transactions Found.json */,
				40A7376D2B2D376C004FF476 /* Verify Email.json */,
				40AC2C042B2009A900E93414 /* Empty List.json */,
				40AC2C032B2009A900E93414 /* No Internet.json */,
			);
			path = "Lottie Files";
			sourceTree = "<group>";
		};
		40D864192AED87BF00072E7E /* Fonts */ = {
			isa = PBXGroup;
			children = (
				40D8641B2AED8B1000072E7E /* InterBlack.ttf */,
				40D8641E2AED8B1000072E7E /* InterBold.ttf */,
				40D864212AED8B1000072E7E /* InterExtraBold.ttf */,
				40D8641A2AED8B1000072E7E /* InterExtraLight.ttf */,
				40D864222AED8B1000072E7E /* InterLight.ttf */,
				40D8641C2AED8B1000072E7E /* InterMedium.ttf */,
				40D8641F2AED8B1000072E7E /* InterRegular.ttf */,
				40D8641D2AED8B1000072E7E /* InterSemiBold.ttf */,
				40D864202AED8B1000072E7E /* InterThin.ttf */,
			);
			path = Fonts;
			sourceTree = "<group>";
		};
		40EAFA432B0FFF4900E668D0 /* Auth Screens */ = {
			isa = PBXGroup;
			children = (
				40EAFA442B0FFF5F00E668D0 /* RegisterScreen.swift */,
				40EAFA462B0FFF6700E668D0 /* LoginScreen.swift */,
				406BFDBB2B1D364F009B9022 /* ProfileScreen.swift */,
			);
			path = "Auth Screens";
			sourceTree = "<group>";
		};
/* End PBXGroup section */

/* Begin PBXNativeTarget section */
		40A43F692AE18FAC004A248B /* Spendwise */ = {
			isa = PBXNativeTarget;
			buildConfigurationList = 40A43F782AE18FAE004A248B /* Build configuration list for PBXNativeTarget "Spendwise" */;
			buildPhases = (
				40A43F662AE18FAC004A248B /* Sources */,
				40A43F672AE18FAC004A248B /* Frameworks */,
				40A43F682AE18FAC004A248B /* Resources */,
				40A7379A2B350A46004FF476 /* Embed Foundation Extensions */,
			);
			buildRules = (
			);
			dependencies = (
				40A737952B350A46004FF476 /* PBXTargetDependency */,
			);
			name = Spendwise;
			packageProductDependencies = (
				40AC2BFD2B20043E00E93414 /* Lottie */,
				40A7372D2B293E2E004FF476 /* FirebaseAnalytics */,
				40A7372F2B293E2E004FF476 /* FirebaseAnalyticsOnDeviceConversion */,
				40A737312B293E2E004FF476 /* FirebaseAnalyticsSwift */,
				40A737332B293E2E004FF476 /* FirebaseAnalyticsWithoutAdIdSupport */,
				40A737352B293E2E004FF476 /* FirebaseAppCheck */,
				40A737372B293E2E004FF476 /* FirebaseAppDistribution-Beta */,
				40A737392B293E2E004FF476 /* FirebaseAuth */,
				40A7373B2B293E2E004FF476 /* FirebaseAuthCombine-Community */,
				40A7373D2B293E2E004FF476 /* FirebaseCrashlytics */,
				40A7373F2B293E2E004FF476 /* FirebaseDatabase */,
				40A737412B293E2E004FF476 /* FirebaseDatabaseSwift */,
				40A737432B293E2E004FF476 /* FirebaseDynamicLinks */,
				40A737452B293E2E004FF476 /* FirebaseFirestore */,
				40A737472B293E2E004FF476 /* FirebaseFirestoreCombine-Community */,
				40A737492B293E2E004FF476 /* FirebaseFirestoreSwift */,
				40A7374B2B293E2E004FF476 /* FirebaseFunctions */,
				40A7374D2B293E2E004FF476 /* FirebaseFunctionsCombine-Community */,
				40A7374F2B293E2E004FF476 /* FirebaseInAppMessaging-Beta */,
				40A737512B293E2E004FF476 /* FirebaseInAppMessagingSwift-Beta */,
				40A737532B293E2E004FF476 /* FirebaseInstallations */,
				40A737552B293E2E004FF476 /* FirebaseMLModelDownloader */,
				40A737572B293E2E004FF476 /* FirebaseMessaging */,
				40A737592B293E2E004FF476 /* FirebasePerformance */,
				40A7375B2B293E2E004FF476 /* FirebaseRemoteConfig */,
				40A7375D2B293E2E004FF476 /* FirebaseRemoteConfigSwift */,
				40A7375F2B293E2E004FF476 /* FirebaseStorage */,
				40A737612B293E2E004FF476 /* FirebaseStorageCombine-Community */,
			);
			productName = Spendwise;
			productReference = 40A43F6A2AE18FAC004A248B /* Spendwise.app */;
			productType = "com.apple.product-type.application";
		};
		40A737852B350A43004FF476 /* StatsWidgetExtension */ = {
			isa = PBXNativeTarget;
			buildConfigurationList = 40A737972B350A46004FF476 /* Build configuration list for PBXNativeTarget "StatsWidgetExtension" */;
			buildPhases = (
				40A737822B350A43004FF476 /* Sources */,
				40A737832B350A43004FF476 /* Frameworks */,
				40A737842B350A43004FF476 /* Resources */,
			);
			buildRules = (
			);
			dependencies = (
			);
			name = StatsWidgetExtension;
			productName = StatsWidgetExtension;
			productReference = 40A737862B350A43004FF476 /* StatsWidgetExtension.appex */;
			productType = "com.apple.product-type.app-extension";
		};
/* End PBXNativeTarget section */

/* Begin PBXProject section */
		40A43F622AE18FAC004A248B /* Project object */ = {
			isa = PBXProject;
			attributes = {
				BuildIndependentTargetsInParallel = 1;
				LastSwiftUpdateCheck = 1500;
				LastUpgradeCheck = 1500;
				TargetAttributes = {
					40A43F692AE18FAC004A248B = {
						CreatedOnToolsVersion = 15.0;
					};
					40A737852B350A43004FF476 = {
						CreatedOnToolsVersion = 15.0;
					};
				};
			};
			buildConfigurationList = 40A43F652AE18FAC004A248B /* Build configuration list for PBXProject "Spendwise" */;
			compatibilityVersion = "Xcode 14.0";
			developmentRegion = en;
			hasScannedForEncodings = 0;
			knownRegions = (
				en,
				Base,
			);
			mainGroup = 40A43F612AE18FAC004A248B;
			packageReferences = (
				40AC2BFC2B20043E00E93414 /* XCRemoteSwiftPackageReference "lottie-ios" */,
				40A7372C2B293E2E004FF476 /* XCRemoteSwiftPackageReference "firebase-ios-sdk" */,
			);
			productRefGroup = 40A43F6B2AE18FAC004A248B /* Products */;
			projectDirPath = "";
			projectRoot = "";
			targets = (
				40A43F692AE18FAC004A248B /* Spendwise */,
				40A737852B350A43004FF476 /* StatsWidgetExtension */,
			);
		};
/* End PBXProject section */

/* Begin PBXResourcesBuildPhase section */
		40A43F682AE18FAC004A248B /* Resources */ = {
			isa = PBXResourcesBuildPhase;
			buildActionMask = 2147483647;
			files = (
				40D864282AED8B1000072E7E /* InterRegular.ttf in Resources */,
				40D8642A2AED8B1000072E7E /* InterExtraBold.ttf in Resources */,
				40A43F752AE18FAE004A248B /* Preview Assets.xcassets in Resources */,
				40D864242AED8B1000072E7E /* InterBlack.ttf in Resources */,
				40A737702B2D50B2004FF476 /* No Transactions Found.json in Resources */,
				40D8642B2AED8B1000072E7E /* InterLight.ttf in Resources */,
				40EAFA4B2B12C66000E668D0 /* GoogleService-Info.plist in Resources */,
				40D864232AED8B1000072E7E /* InterExtraLight.ttf in Resources */,
				40A7376E2B2D376C004FF476 /* Verify Email.json in Resources */,
				40D864272AED8B1000072E7E /* InterBold.ttf in Resources */,
				40AC2C072B2009AA00E93414 /* Empty List.json in Resources */,
				40A43F722AE18FAE004A248B /* Assets.xcassets in Resources */,
				40D864292AED8B1000072E7E /* InterThin.ttf in Resources */,
				40D864262AED8B1000072E7E /* InterSemiBold.ttf in Resources */,
				40AC2C062B2009AA00E93414 /* No Internet.json in Resources */,
				40D864252AED8B1000072E7E /* InterMedium.ttf in Resources */,
			);
			runOnlyForDeploymentPostprocessing = 0;
		};
		40A737842B350A43004FF476 /* Resources */ = {
			isa = PBXResourcesBuildPhase;
			buildActionMask = 2147483647;
			files = (
				40A737922B350A46004FF476 /* Assets.xcassets in Resources */,
			);
			runOnlyForDeploymentPostprocessing = 0;
		};
/* End PBXResourcesBuildPhase section */

/* Begin PBXSourcesBuildPhase section */
		40A43F662AE18FAC004A248B /* Sources */ = {
			isa = PBXSourcesBuildPhase;
			buildActionMask = 2147483647;
			files = (
				406BFDBF2B1D65B0009B9022 /* ShimmerEffect.swift in Sources */,
				400B24632AFEDA7700109028 /* LoginViewModel.swift in Sources */,
				40A7376A2B2AE755004FF476 /* Date+Extensions.swift in Sources */,
				400B24672AFEDA9F00109028 /* RegisterViewModel.swift in Sources */,
				40A737792B2D9A61004FF476 /* IntroScreen.swift in Sources */,
				400B24652AFEDA8E00109028 /* MainViewModel.swift in Sources */,
				40D864302AEDD65B00072E7E /* TotalBalanceCard.swift in Sources */,
				40A7377D2B2E2116004FF476 /* NoInternetSheet.swift in Sources */,
				40E1BCE32B07E2D600165508 /* Logger.swift in Sources */,
				400D67422AF01F2B002A6642 /* TransactionList.swift in Sources */,
				40E818AC2B0AD80F00F90E17 /* NumbersOnlyViewModifier.swift in Sources */,
				40A737642B294C42004FF476 /* View+Extensions.swift in Sources */,
				40A737742B2D6E49004FF476 /* ProfileViewModel.swift in Sources */,
				40D864362AEDDACB00072E7E /* SearchFilters.swift in Sources */,
				40D864342AEDDAB000072E7E /* StatementOptions.swift in Sources */,
				40EAFABC2B13D00E00E668D0 /* TokenManager.swift in Sources */,
				400B245B2AFED9A600109028 /* AddTransactionViewModel.swift in Sources */,
				40A737662B295434004FF476 /* ErrorView.swift in Sources */,
				40A737682B2AE08C004FF476 /* DateFilterView.swift in Sources */,
				401666672AF046D50000A588 /* AllTransactionsScreen.swift in Sources */,
				40EAFA492B102FEC00E668D0 /* MainView.swift in Sources */,
				400B245F2AFED9FC00109028 /* DashboardViewModel.swift in Sources */,
				40A7376C2B2D1D40004FF476 /* VerifyEmailSheet.swift in Sources */,
				40E819122B0F4BB300F90E17 /* AddTransactionForm2.swift in Sources */,
				40D8642E2AEDD2EA00072E7E /* DashboardScreen.swift in Sources */,
				40386D682B16C41E00B7E3AF /* Result.swift in Sources */,
				4067E7D02AF740D1005A3A2D /* DeveloperPreview.swift in Sources */,
				406BFDBA2B1D3531009B9022 /* AnalyticsScreen.swift in Sources */,
				40515AE72AEA26D000193AA1 /* TransactionResponse.swift in Sources */,
				40515AD52AEA24FE00193AA1 /* TotalIncomeExpenseCard.swift in Sources */,
				40AC2C092B2032BE00E93414 /* AnalyticsViewModel.swift in Sources */,
				40515AE32AEA262200193AA1 /* TransactionType.swift in Sources */,
				40AC2C0B2B203B7000E93414 /* ExpenditureByCategory.swift in Sources */,
				40A737762B2D73D5004FF476 /* Encodable+Extensions.swift in Sources */,
				40EAFA472B0FFF6700E668D0 /* LoginScreen.swift in Sources */,
				40EAFA452B0FFF5F00E668D0 /* RegisterScreen.swift in Sources */,
				400B245D2AFED9E800109028 /* AllTransactionsViewModel.swift in Sources */,
				40A7377B2B2E1E5B004FF476 /* NetworkManager.swift in Sources */,
				40386D6A2B19116000B7E3AF /* SpendwiseAPI.swift in Sources */,
				40A7377F2B326096004FF476 /* DashboardHeaderView.swift in Sources */,
				400D67402AEF1866002A6642 /* TransactionListItem.swift in Sources */,
				40E1BCE12B07B71800165508 /* FormType.swift in Sources */,
				400B24692B0017EB00109028 /* TransactionCategory.swift in Sources */,
				40A737812B327D58004FF476 /* EnumUtil.swift in Sources */,
				40515AE52AEA267F00193AA1 /* TransactionRequest.swift in Sources */,
				406BFDB32B196739009B9022 /* TransactionRepository.swift in Sources */,
				400B24592AFD7BB900109028 /* AddTransactionScreen.swift in Sources */,
				40A737722B2D6DB0004FF476 /* User.swift in Sources */,
				40AC2C002B20048900E93414 /* LottieView.swift in Sources */,
				400D673E2AEF0697002A6642 /* TrailingIconLabelStyle.swift in Sources */,
				40D864322AEDDA6700072E7E /* TransactionFilters.swift in Sources */,
				4045B1E82AE8678400E4E5EA /* Colors.swift in Sources */,
				40A43F6E2AE18FAC004A248B /* SpendwiseApp.swift in Sources */,
				40386D6C2B19119A00B7E3AF /* Constants.swift in Sources */,
				40A07D472B1E729A00B1A1B8 /* SearchRepository.swift in Sources */,
				40D864182AEC736400072E7E /* Helper.swift in Sources */,
				406BFDBC2B1D364F009B9022 /* ProfileScreen.swift in Sources */,
			);
			runOnlyForDeploymentPostprocessing = 0;
		};
		40A737822B350A43004FF476 /* Sources */ = {
			isa = PBXSourcesBuildPhase;
			buildActionMask = 2147483647;
			files = (
				40A7379B2B351A45004FF476 /* TransactionResponse.swift in Sources */,
				40A737A62B354814004FF476 /* Logger.swift in Sources */,
				40A7379C2B351A63004FF476 /* SpendwiseAPI.swift in Sources */,
				40A7378E2B350A43004FF476 /* StatsWidgetBundle.swift in Sources */,
				40A737A72B35482E004FF476 /* ExpenditureByCategory.swift in Sources */,
				40A737AB2B354D4C004FF476 /* TotalBalanceCard.swift in Sources */,
				40A737AA2B3548B9004FF476 /* TransactionRequest.swift in Sources */,
				40A737902B350A43004FF476 /* StatsWidget.swift in Sources */,
				40A737A52B354788004FF476 /* TransactionRepository.swift in Sources */,
				40A737A22B351ED8004FF476 /* Provider.swift in Sources */,
				40A737A82B35485E004FF476 /* Colors.swift in Sources */,
				40A737AD2B3551D5004FF476 /* Date+Extensions.swift in Sources */,
				40A737AC2B3551A4004FF476 /* TransactionType.swift in Sources */,
				40A737A32B352520004FF476 /* Helper.swift in Sources */,
				40A737A42B354671004FF476 /* Result.swift in Sources */,
				40A737A92B354871004FF476 /* Constants.swift in Sources */,
				40A7379F2B351AED004FF476 /* WidgetEntry.swift in Sources */,
				40A737A02B351B5A004FF476 /* DeveloperPreview.swift in Sources */,
			);
			runOnlyForDeploymentPostprocessing = 0;
		};
/* End PBXSourcesBuildPhase section */

/* Begin PBXTargetDependency section */
		40A737952B350A46004FF476 /* PBXTargetDependency */ = {
			isa = PBXTargetDependency;
			target = 40A737852B350A43004FF476 /* StatsWidgetExtension */;
			targetProxy = 40A737942B350A46004FF476 /* PBXContainerItemProxy */;
		};
/* End PBXTargetDependency section */

/* Begin XCBuildConfiguration section */
		40A43F762AE18FAE004A248B /* Debug */ = {
			isa = XCBuildConfiguration;
			buildSettings = {
				ALWAYS_SEARCH_USER_PATHS = NO;
				ASSETCATALOG_COMPILER_GENERATE_SWIFT_ASSET_SYMBOL_EXTENSIONS = YES;
				CLANG_ANALYZER_NONNULL = YES;
				CLANG_ANALYZER_NUMBER_OBJECT_CONVERSION = YES_AGGRESSIVE;
				CLANG_CXX_LANGUAGE_STANDARD = "gnu++20";
				CLANG_ENABLE_MODULES = YES;
				CLANG_ENABLE_OBJC_ARC = YES;
				CLANG_ENABLE_OBJC_WEAK = YES;
				CLANG_WARN_BLOCK_CAPTURE_AUTORELEASING = YES;
				CLANG_WARN_BOOL_CONVERSION = YES;
				CLANG_WARN_COMMA = YES;
				CLANG_WARN_CONSTANT_CONVERSION = YES;
				CLANG_WARN_DEPRECATED_OBJC_IMPLEMENTATIONS = YES;
				CLANG_WARN_DIRECT_OBJC_ISA_USAGE = YES_ERROR;
				CLANG_WARN_DOCUMENTATION_COMMENTS = YES;
				CLANG_WARN_EMPTY_BODY = YES;
				CLANG_WARN_ENUM_CONVERSION = YES;
				CLANG_WARN_INFINITE_RECURSION = YES;
				CLANG_WARN_INT_CONVERSION = YES;
				CLANG_WARN_NON_LITERAL_NULL_CONVERSION = YES;
				CLANG_WARN_OBJC_IMPLICIT_RETAIN_SELF = YES;
				CLANG_WARN_OBJC_LITERAL_CONVERSION = YES;
				CLANG_WARN_OBJC_ROOT_CLASS = YES_ERROR;
				CLANG_WARN_QUOTED_INCLUDE_IN_FRAMEWORK_HEADER = YES;
				CLANG_WARN_RANGE_LOOP_ANALYSIS = YES;
				CLANG_WARN_STRICT_PROTOTYPES = YES;
				CLANG_WARN_SUSPICIOUS_MOVE = YES;
				CLANG_WARN_UNGUARDED_AVAILABILITY = YES_AGGRESSIVE;
				CLANG_WARN_UNREACHABLE_CODE = YES;
				CLANG_WARN__DUPLICATE_METHOD_MATCH = YES;
				COPY_PHASE_STRIP = NO;
				DEBUG_INFORMATION_FORMAT = dwarf;
				ENABLE_STRICT_OBJC_MSGSEND = YES;
				ENABLE_TESTABILITY = YES;
				ENABLE_USER_SCRIPT_SANDBOXING = YES;
				GCC_C_LANGUAGE_STANDARD = gnu17;
				GCC_DYNAMIC_NO_PIC = NO;
				GCC_NO_COMMON_BLOCKS = YES;
				GCC_OPTIMIZATION_LEVEL = 0;
				GCC_PREPROCESSOR_DEFINITIONS = (
					"DEBUG=1",
					"$(inherited)",
				);
				GCC_WARN_64_TO_32_BIT_CONVERSION = YES;
				GCC_WARN_ABOUT_RETURN_TYPE = YES_ERROR;
				GCC_WARN_UNDECLARED_SELECTOR = YES;
				GCC_WARN_UNINITIALIZED_AUTOS = YES_AGGRESSIVE;
				GCC_WARN_UNUSED_FUNCTION = YES;
				GCC_WARN_UNUSED_VARIABLE = YES;
				IPHONEOS_DEPLOYMENT_TARGET = 17.0;
				LOCALIZATION_PREFERS_STRING_CATALOGS = YES;
				MTL_ENABLE_DEBUG_INFO = INCLUDE_SOURCE;
				MTL_FAST_MATH = YES;
				ONLY_ACTIVE_ARCH = YES;
				SDKROOT = iphoneos;
				SWIFT_ACTIVE_COMPILATION_CONDITIONS = "DEBUG $(inherited)";
				SWIFT_OPTIMIZATION_LEVEL = "-Onone";
			};
			name = Debug;
		};
		40A43F772AE18FAE004A248B /* Release */ = {
			isa = XCBuildConfiguration;
			buildSettings = {
				ALWAYS_SEARCH_USER_PATHS = NO;
				ASSETCATALOG_COMPILER_GENERATE_SWIFT_ASSET_SYMBOL_EXTENSIONS = YES;
				CLANG_ANALYZER_NONNULL = YES;
				CLANG_ANALYZER_NUMBER_OBJECT_CONVERSION = YES_AGGRESSIVE;
				CLANG_CXX_LANGUAGE_STANDARD = "gnu++20";
				CLANG_ENABLE_MODULES = YES;
				CLANG_ENABLE_OBJC_ARC = YES;
				CLANG_ENABLE_OBJC_WEAK = YES;
				CLANG_WARN_BLOCK_CAPTURE_AUTORELEASING = YES;
				CLANG_WARN_BOOL_CONVERSION = YES;
				CLANG_WARN_COMMA = YES;
				CLANG_WARN_CONSTANT_CONVERSION = YES;
				CLANG_WARN_DEPRECATED_OBJC_IMPLEMENTATIONS = YES;
				CLANG_WARN_DIRECT_OBJC_ISA_USAGE = YES_ERROR;
				CLANG_WARN_DOCUMENTATION_COMMENTS = YES;
				CLANG_WARN_EMPTY_BODY = YES;
				CLANG_WARN_ENUM_CONVERSION = YES;
				CLANG_WARN_INFINITE_RECURSION = YES;
				CLANG_WARN_INT_CONVERSION = YES;
				CLANG_WARN_NON_LITERAL_NULL_CONVERSION = YES;
				CLANG_WARN_OBJC_IMPLICIT_RETAIN_SELF = YES;
				CLANG_WARN_OBJC_LITERAL_CONVERSION = YES;
				CLANG_WARN_OBJC_ROOT_CLASS = YES_ERROR;
				CLANG_WARN_QUOTED_INCLUDE_IN_FRAMEWORK_HEADER = YES;
				CLANG_WARN_RANGE_LOOP_ANALYSIS = YES;
				CLANG_WARN_STRICT_PROTOTYPES = YES;
				CLANG_WARN_SUSPICIOUS_MOVE = YES;
				CLANG_WARN_UNGUARDED_AVAILABILITY = YES_AGGRESSIVE;
				CLANG_WARN_UNREACHABLE_CODE = YES;
				CLANG_WARN__DUPLICATE_METHOD_MATCH = YES;
				COPY_PHASE_STRIP = NO;
				DEBUG_INFORMATION_FORMAT = "dwarf-with-dsym";
				ENABLE_NS_ASSERTIONS = NO;
				ENABLE_STRICT_OBJC_MSGSEND = YES;
				ENABLE_USER_SCRIPT_SANDBOXING = YES;
				GCC_C_LANGUAGE_STANDARD = gnu17;
				GCC_NO_COMMON_BLOCKS = YES;
				GCC_WARN_64_TO_32_BIT_CONVERSION = YES;
				GCC_WARN_ABOUT_RETURN_TYPE = YES_ERROR;
				GCC_WARN_UNDECLARED_SELECTOR = YES;
				GCC_WARN_UNINITIALIZED_AUTOS = YES_AGGRESSIVE;
				GCC_WARN_UNUSED_FUNCTION = YES;
				GCC_WARN_UNUSED_VARIABLE = YES;
				IPHONEOS_DEPLOYMENT_TARGET = 17.0;
				LOCALIZATION_PREFERS_STRING_CATALOGS = YES;
				MTL_ENABLE_DEBUG_INFO = NO;
				MTL_FAST_MATH = YES;
				SDKROOT = iphoneos;
				SWIFT_COMPILATION_MODE = wholemodule;
				VALIDATE_PRODUCT = YES;
			};
			name = Release;
		};
		40A43F792AE18FAE004A248B /* Debug */ = {
			isa = XCBuildConfiguration;
			buildSettings = {
				ALWAYS_EMBED_SWIFT_STANDARD_LIBRARIES = YES;
				ASSETCATALOG_COMPILER_APPICON_NAME = AppIcon;
				ASSETCATALOG_COMPILER_GLOBAL_ACCENT_COLOR_NAME = AccentColor;
				CODE_SIGN_ENTITLEMENTS = Spendwise/Spendwise.entitlements;
				CODE_SIGN_STYLE = Automatic;
				CURRENT_PROJECT_VERSION = 1;
				DEVELOPMENT_ASSET_PATHS = "\"Spendwise/Preview Content\"";
				DEVELOPMENT_TEAM = 2XQPM325DB;
				ENABLE_PREVIEWS = YES;
				GENERATE_INFOPLIST_FILE = YES;
				INFOPLIST_FILE = Spendwise/Info.plist;
				INFOPLIST_KEY_UIApplicationSceneManifest_Generation = YES;
				INFOPLIST_KEY_UIApplicationSupportsIndirectInputEvents = YES;
				INFOPLIST_KEY_UILaunchScreen_Generation = YES;
				INFOPLIST_KEY_UISupportedInterfaceOrientations = UIInterfaceOrientationPortrait;
				INFOPLIST_KEY_UISupportedInterfaceOrientations_iPad = "UIInterfaceOrientationLandscapeLeft UIInterfaceOrientationLandscapeRight UIInterfaceOrientationPortrait UIInterfaceOrientationPortraitUpsideDown";
				IPHONEOS_DEPLOYMENT_TARGET = 17.0;
				LD_RUNPATH_SEARCH_PATHS = (
					"$(inherited)",
					"@executable_path/Frameworks",
				);
				MARKETING_VERSION = 1.0;
				PRODUCT_BUNDLE_IDENTIFIER = com.pciosdev.Spendwise;
				PRODUCT_NAME = "$(TARGET_NAME)";
				SWIFT_EMIT_LOC_STRINGS = YES;
				SWIFT_VERSION = 5.0;
				TARGETED_DEVICE_FAMILY = "1,2";
			};
			name = Debug;
		};
		40A43F7A2AE18FAE004A248B /* Release */ = {
			isa = XCBuildConfiguration;
			buildSettings = {
				ALWAYS_EMBED_SWIFT_STANDARD_LIBRARIES = YES;
				ASSETCATALOG_COMPILER_APPICON_NAME = AppIcon;
				ASSETCATALOG_COMPILER_GLOBAL_ACCENT_COLOR_NAME = AccentColor;
				CODE_SIGN_ENTITLEMENTS = Spendwise/Spendwise.entitlements;
				CODE_SIGN_STYLE = Automatic;
				CURRENT_PROJECT_VERSION = 1;
				DEVELOPMENT_ASSET_PATHS = "\"Spendwise/Preview Content\"";
				DEVELOPMENT_TEAM = 2XQPM325DB;
				ENABLE_PREVIEWS = YES;
				GENERATE_INFOPLIST_FILE = YES;
				INFOPLIST_FILE = Spendwise/Info.plist;
				INFOPLIST_KEY_UIApplicationSceneManifest_Generation = YES;
				INFOPLIST_KEY_UIApplicationSupportsIndirectInputEvents = YES;
				INFOPLIST_KEY_UILaunchScreen_Generation = YES;
				INFOPLIST_KEY_UISupportedInterfaceOrientations = UIInterfaceOrientationPortrait;
				INFOPLIST_KEY_UISupportedInterfaceOrientations_iPad = "UIInterfaceOrientationLandscapeLeft UIInterfaceOrientationLandscapeRight UIInterfaceOrientationPortrait UIInterfaceOrientationPortraitUpsideDown";
				IPHONEOS_DEPLOYMENT_TARGET = 17.0;
				LD_RUNPATH_SEARCH_PATHS = (
					"$(inherited)",
					"@executable_path/Frameworks",
				);
				MARKETING_VERSION = 1.0;
				PRODUCT_BUNDLE_IDENTIFIER = com.pciosdev.Spendwise;
				PRODUCT_NAME = "$(TARGET_NAME)";
				SWIFT_EMIT_LOC_STRINGS = YES;
				SWIFT_VERSION = 5.0;
				TARGETED_DEVICE_FAMILY = "1,2";
			};
			name = Release;
		};
		40A737982B350A46004FF476 /* Debug */ = {
			isa = XCBuildConfiguration;
			buildSettings = {
				ASSETCATALOG_COMPILER_GLOBAL_ACCENT_COLOR_NAME = AccentColor;
				ASSETCATALOG_COMPILER_WIDGET_BACKGROUND_COLOR_NAME = WidgetBackground;
				CODE_SIGN_ENTITLEMENTS = StatsWidgetExtension.entitlements;
				CODE_SIGN_STYLE = Automatic;
				CURRENT_PROJECT_VERSION = 1;
				DEVELOPMENT_TEAM = 2XQPM325DB;
				GENERATE_INFOPLIST_FILE = YES;
				INFOPLIST_FILE = StatsWidget/Info.plist;
				INFOPLIST_KEY_CFBundleDisplayName = StatsWidget;
				INFOPLIST_KEY_NSHumanReadableCopyright = "";
				LD_RUNPATH_SEARCH_PATHS = (
					"$(inherited)",
					"@executable_path/Frameworks",
					"@executable_path/../../Frameworks",
				);
				MARKETING_VERSION = 1.0;
				PRODUCT_BUNDLE_IDENTIFIER = com.pciosdev.Spendwise.StatsWidget;
				PRODUCT_NAME = "$(TARGET_NAME)";
				SKIP_INSTALL = YES;
				SWIFT_EMIT_LOC_STRINGS = YES;
				SWIFT_VERSION = 5.0;
				TARGETED_DEVICE_FAMILY = "1,2";
			};
			name = Debug;
		};
		40A737992B350A46004FF476 /* Release */ = {
			isa = XCBuildConfiguration;
			buildSettings = {
				ASSETCATALOG_COMPILER_GLOBAL_ACCENT_COLOR_NAME = AccentColor;
				ASSETCATALOG_COMPILER_WIDGET_BACKGROUND_COLOR_NAME = WidgetBackground;
				CODE_SIGN_ENTITLEMENTS = StatsWidgetExtension.entitlements;
				CODE_SIGN_STYLE = Automatic;
				CURRENT_PROJECT_VERSION = 1;
				DEVELOPMENT_TEAM = 2XQPM325DB;
				GENERATE_INFOPLIST_FILE = YES;
				INFOPLIST_FILE = StatsWidget/Info.plist;
				INFOPLIST_KEY_CFBundleDisplayName = StatsWidget;
				INFOPLIST_KEY_NSHumanReadableCopyright = "";
				LD_RUNPATH_SEARCH_PATHS = (
					"$(inherited)",
					"@executable_path/Frameworks",
					"@executable_path/../../Frameworks",
				);
				MARKETING_VERSION = 1.0;
				PRODUCT_BUNDLE_IDENTIFIER = com.pciosdev.Spendwise.StatsWidget;
				PRODUCT_NAME = "$(TARGET_NAME)";
				SKIP_INSTALL = YES;
				SWIFT_EMIT_LOC_STRINGS = YES;
				SWIFT_VERSION = 5.0;
				TARGETED_DEVICE_FAMILY = "1,2";
			};
			name = Release;
		};
/* End XCBuildConfiguration section */

/* Begin XCConfigurationList section */
		40A43F652AE18FAC004A248B /* Build configuration list for PBXProject "Spendwise" */ = {
			isa = XCConfigurationList;
			buildConfigurations = (
				40A43F762AE18FAE004A248B /* Debug */,
				40A43F772AE18FAE004A248B /* Release */,
			);
			defaultConfigurationIsVisible = 0;
			defaultConfigurationName = Release;
		};
		40A43F782AE18FAE004A248B /* Build configuration list for PBXNativeTarget "Spendwise" */ = {
			isa = XCConfigurationList;
			buildConfigurations = (
				40A43F792AE18FAE004A248B /* Debug */,
				40A43F7A2AE18FAE004A248B /* Release */,
			);
			defaultConfigurationIsVisible = 0;
			defaultConfigurationName = Release;
		};
		40A737972B350A46004FF476 /* Build configuration list for PBXNativeTarget "StatsWidgetExtension" */ = {
			isa = XCConfigurationList;
			buildConfigurations = (
				40A737982B350A46004FF476 /* Debug */,
				40A737992B350A46004FF476 /* Release */,
			);
			defaultConfigurationIsVisible = 0;
			defaultConfigurationName = Release;
		};
/* End XCConfigurationList section */

/* Begin XCRemoteSwiftPackageReference section */
		40A7372C2B293E2E004FF476 /* XCRemoteSwiftPackageReference "firebase-ios-sdk" */ = {
			isa = XCRemoteSwiftPackageReference;
			repositoryURL = "https://github.com/firebase/firebase-ios-sdk";
			requirement = {
				kind = upToNextMajorVersion;
				minimumVersion = 10.19.0;
			};
		};
		40AC2BFC2B20043E00E93414 /* XCRemoteSwiftPackageReference "lottie-ios" */ = {
			isa = XCRemoteSwiftPackageReference;
			repositoryURL = "https://github.com/airbnb/lottie-ios";
			requirement = {
				kind = upToNextMajorVersion;
				minimumVersion = 4.3.4;
			};
		};
/* End XCRemoteSwiftPackageReference section */

/* Begin XCSwiftPackageProductDependency section */
		40A7372D2B293E2E004FF476 /* FirebaseAnalytics */ = {
			isa = XCSwiftPackageProductDependency;
			package = 40A7372C2B293E2E004FF476 /* XCRemoteSwiftPackageReference "firebase-ios-sdk" */;
			productName = FirebaseAnalytics;
		};
		40A7372F2B293E2E004FF476 /* FirebaseAnalyticsOnDeviceConversion */ = {
			isa = XCSwiftPackageProductDependency;
			package = 40A7372C2B293E2E004FF476 /* XCRemoteSwiftPackageReference "firebase-ios-sdk" */;
			productName = FirebaseAnalyticsOnDeviceConversion;
		};
		40A737312B293E2E004FF476 /* FirebaseAnalyticsSwift */ = {
			isa = XCSwiftPackageProductDependency;
			package = 40A7372C2B293E2E004FF476 /* XCRemoteSwiftPackageReference "firebase-ios-sdk" */;
			productName = FirebaseAnalyticsSwift;
		};
		40A737332B293E2E004FF476 /* FirebaseAnalyticsWithoutAdIdSupport */ = {
			isa = XCSwiftPackageProductDependency;
			package = 40A7372C2B293E2E004FF476 /* XCRemoteSwiftPackageReference "firebase-ios-sdk" */;
			productName = FirebaseAnalyticsWithoutAdIdSupport;
		};
		40A737352B293E2E004FF476 /* FirebaseAppCheck */ = {
			isa = XCSwiftPackageProductDependency;
			package = 40A7372C2B293E2E004FF476 /* XCRemoteSwiftPackageReference "firebase-ios-sdk" */;
			productName = FirebaseAppCheck;
		};
		40A737372B293E2E004FF476 /* FirebaseAppDistribution-Beta */ = {
			isa = XCSwiftPackageProductDependency;
			package = 40A7372C2B293E2E004FF476 /* XCRemoteSwiftPackageReference "firebase-ios-sdk" */;
			productName = "FirebaseAppDistribution-Beta";
		};
		40A737392B293E2E004FF476 /* FirebaseAuth */ = {
			isa = XCSwiftPackageProductDependency;
			package = 40A7372C2B293E2E004FF476 /* XCRemoteSwiftPackageReference "firebase-ios-sdk" */;
			productName = FirebaseAuth;
		};
		40A7373B2B293E2E004FF476 /* FirebaseAuthCombine-Community */ = {
			isa = XCSwiftPackageProductDependency;
			package = 40A7372C2B293E2E004FF476 /* XCRemoteSwiftPackageReference "firebase-ios-sdk" */;
			productName = "FirebaseAuthCombine-Community";
		};
		40A7373D2B293E2E004FF476 /* FirebaseCrashlytics */ = {
			isa = XCSwiftPackageProductDependency;
			package = 40A7372C2B293E2E004FF476 /* XCRemoteSwiftPackageReference "firebase-ios-sdk" */;
			productName = FirebaseCrashlytics;
		};
		40A7373F2B293E2E004FF476 /* FirebaseDatabase */ = {
			isa = XCSwiftPackageProductDependency;
			package = 40A7372C2B293E2E004FF476 /* XCRemoteSwiftPackageReference "firebase-ios-sdk" */;
			productName = FirebaseDatabase;
		};
		40A737412B293E2E004FF476 /* FirebaseDatabaseSwift */ = {
			isa = XCSwiftPackageProductDependency;
			package = 40A7372C2B293E2E004FF476 /* XCRemoteSwiftPackageReference "firebase-ios-sdk" */;
			productName = FirebaseDatabaseSwift;
		};
		40A737432B293E2E004FF476 /* FirebaseDynamicLinks */ = {
			isa = XCSwiftPackageProductDependency;
			package = 40A7372C2B293E2E004FF476 /* XCRemoteSwiftPackageReference "firebase-ios-sdk" */;
			productName = FirebaseDynamicLinks;
		};
		40A737452B293E2E004FF476 /* FirebaseFirestore */ = {
			isa = XCSwiftPackageProductDependency;
			package = 40A7372C2B293E2E004FF476 /* XCRemoteSwiftPackageReference "firebase-ios-sdk" */;
			productName = FirebaseFirestore;
		};
		40A737472B293E2E004FF476 /* FirebaseFirestoreCombine-Community */ = {
			isa = XCSwiftPackageProductDependency;
			package = 40A7372C2B293E2E004FF476 /* XCRemoteSwiftPackageReference "firebase-ios-sdk" */;
			productName = "FirebaseFirestoreCombine-Community";
		};
		40A737492B293E2E004FF476 /* FirebaseFirestoreSwift */ = {
			isa = XCSwiftPackageProductDependency;
			package = 40A7372C2B293E2E004FF476 /* XCRemoteSwiftPackageReference "firebase-ios-sdk" */;
			productName = FirebaseFirestoreSwift;
		};
		40A7374B2B293E2E004FF476 /* FirebaseFunctions */ = {
			isa = XCSwiftPackageProductDependency;
			package = 40A7372C2B293E2E004FF476 /* XCRemoteSwiftPackageReference "firebase-ios-sdk" */;
			productName = FirebaseFunctions;
		};
		40A7374D2B293E2E004FF476 /* FirebaseFunctionsCombine-Community */ = {
			isa = XCSwiftPackageProductDependency;
			package = 40A7372C2B293E2E004FF476 /* XCRemoteSwiftPackageReference "firebase-ios-sdk" */;
			productName = "FirebaseFunctionsCombine-Community";
		};
		40A7374F2B293E2E004FF476 /* FirebaseInAppMessaging-Beta */ = {
			isa = XCSwiftPackageProductDependency;
			package = 40A7372C2B293E2E004FF476 /* XCRemoteSwiftPackageReference "firebase-ios-sdk" */;
			productName = "FirebaseInAppMessaging-Beta";
		};
		40A737512B293E2E004FF476 /* FirebaseInAppMessagingSwift-Beta */ = {
			isa = XCSwiftPackageProductDependency;
			package = 40A7372C2B293E2E004FF476 /* XCRemoteSwiftPackageReference "firebase-ios-sdk" */;
			productName = "FirebaseInAppMessagingSwift-Beta";
		};
		40A737532B293E2E004FF476 /* FirebaseInstallations */ = {
			isa = XCSwiftPackageProductDependency;
			package = 40A7372C2B293E2E004FF476 /* XCRemoteSwiftPackageReference "firebase-ios-sdk" */;
			productName = FirebaseInstallations;
		};
		40A737552B293E2E004FF476 /* FirebaseMLModelDownloader */ = {
			isa = XCSwiftPackageProductDependency;
			package = 40A7372C2B293E2E004FF476 /* XCRemoteSwiftPackageReference "firebase-ios-sdk" */;
			productName = FirebaseMLModelDownloader;
		};
		40A737572B293E2E004FF476 /* FirebaseMessaging */ = {
			isa = XCSwiftPackageProductDependency;
			package = 40A7372C2B293E2E004FF476 /* XCRemoteSwiftPackageReference "firebase-ios-sdk" */;
			productName = FirebaseMessaging;
		};
		40A737592B293E2E004FF476 /* FirebasePerformance */ = {
			isa = XCSwiftPackageProductDependency;
			package = 40A7372C2B293E2E004FF476 /* XCRemoteSwiftPackageReference "firebase-ios-sdk" */;
			productName = FirebasePerformance;
		};
		40A7375B2B293E2E004FF476 /* FirebaseRemoteConfig */ = {
			isa = XCSwiftPackageProductDependency;
			package = 40A7372C2B293E2E004FF476 /* XCRemoteSwiftPackageReference "firebase-ios-sdk" */;
			productName = FirebaseRemoteConfig;
		};
		40A7375D2B293E2E004FF476 /* FirebaseRemoteConfigSwift */ = {
			isa = XCSwiftPackageProductDependency;
			package = 40A7372C2B293E2E004FF476 /* XCRemoteSwiftPackageReference "firebase-ios-sdk" */;
			productName = FirebaseRemoteConfigSwift;
		};
		40A7375F2B293E2E004FF476 /* FirebaseStorage */ = {
			isa = XCSwiftPackageProductDependency;
			package = 40A7372C2B293E2E004FF476 /* XCRemoteSwiftPackageReference "firebase-ios-sdk" */;
			productName = FirebaseStorage;
		};
		40A737612B293E2E004FF476 /* FirebaseStorageCombine-Community */ = {
			isa = XCSwiftPackageProductDependency;
			package = 40A7372C2B293E2E004FF476 /* XCRemoteSwiftPackageReference "firebase-ios-sdk" */;
			productName = "FirebaseStorageCombine-Community";
		};
		40AC2BFD2B20043E00E93414 /* Lottie */ = {
			isa = XCSwiftPackageProductDependency;
			package = 40AC2BFC2B20043E00E93414 /* XCRemoteSwiftPackageReference "lottie-ios" */;
			productName = Lottie;
		};
/* End XCSwiftPackageProductDependency section */
	};
	rootObject = 40A43F622AE18FAC004A248B /* Project object */;
}
